Microsoft Visual Studio Solution File, Format Version 9.00
# Visual Studio 2005
Project("{8BC9CEB8-8B4A-11D0-8D11-00A0C91BC942}") = "extlibs_win32", "extlibs_win32.extlibs_win32.vcproj", "{4381F24A-6DA2-40A1-ACBB-4DBB9860303F}"
	ProjectSection(ProjectDependencies) = postProject
		{3666B1DA-F69C-4E79-8AD7-1EC1673DEE52} = {3666B1DA-F69C-4E79-8AD7-1EC1673DEE52}
		{21071E84-86A4-428E-917F-4F5949F49AC8} = {21071E84-86A4-428E-917F-4F5949F49AC8}
		{870DF0E6-6853-4FC3-AED5-1AD200A59BC4} = {870DF0E6-6853-4FC3-AED5-1AD200A59BC4}
		{D6622FC6-989F-495D-B94C-C3C218187BAC} = {D6622FC6-989F-495D-B94C-C3C218187BAC}
		{D29B39F7-CC77-4FCF-B348-814CCDADE8A4} = {D29B39F7-CC77-4FCF-B348-814CCDADE8A4}
		{E2705FD5-6D31-4540-8352-6974059959A9} = {E2705FD5-6D31-4540-8352-6974059959A9}
		{C85DF2CE-2DCD-4D80-9095-535F94F1E6BC} = {C85DF2CE-2DCD-4D80-9095-535F94F1E6BC}
	EndProjectSection
EndProject
Project("{8BC9CEB8-8B4A-11D0-8D11-00A0C91BC942}") = "lua_win32", "extlibs_win32.lua_win32.vcproj", "{3666B1DA-F69C-4E79-8AD7-1EC1673DEE52}"
EndProject
Project("{8BC9CEB8-8B4A-11D0-8D11-00A0C91BC942}") = "tinyxml_win32", "extlibs_win32.tinyxml_win32.vcproj", "{21071E84-86A4-428E-917F-4F5949F49AC8}"
EndProject
Project("{8BC9CEB8-8B4A-11D0-8D11-00A0C91BC942}") = "zlib_win32", "extlibs_win32.zlib_win32.vcproj", "{870DF0E6-6853-4FC3-AED5-1AD200A59BC4}"
EndProject
Project("{8BC9CEB8-8B4A-11D0-8D11-00A0C91BC942}") = "sqlite_win32", "extlibs_win32.sqlite_win32.vcproj", "{D6622FC6-989F-495D-B94C-C3C218187BAC}"
EndProject
Project("{8BC9CEB8-8B4A-11D0-8D11-00A0C91BC942}") = "ode_win32", "extlibs_win32.ode_win32.vcproj", "{D29B39F7-CC77-4FCF-B348-814CCDADE8A4}"
EndProject
Project("{8BC9CEB8-8B4A-11D0-8D11-00A0C91BC942}") = "opcode_win32", "extlibs_win32.opcode_win32.vcproj", "{E2705FD5-6D31-4540-8352-6974059959A9}"
EndProject
Project("{8BC9CEB8-8B4A-11D0-8D11-00A0C91BC942}") = "gimpact_win32", "extlibs_win32.gimpact_win32.vcproj", "{C85DF2CE-2DCD-4D80-9095-535F94F1E6BC}"
EndProject
Global
	GlobalSection(SolutionConfigurationPlatforms) = preSolution
		Debug|Win32 = Debug|Win32
		Release|Win32 = Release|Win32
	EndGlobalSection
	GlobalSection(ProjectConfigurationPlatforms) = postSolution
		{4381F24A-6DA2-40A1-ACBB-4DBB9860303F}.Debug|Win32.ActiveCfg = Debug|Win32
		{4381F24A-6DA2-40A1-ACBB-4DBB9860303F}.Debug|Win32.Build.0 = Debug|Win32
		{4381F24A-6DA2-40A1-ACBB-4DBB9860303F}.Release|Win32.ActiveCfg = Release|Win32
		{4381F24A-6DA2-40A1-ACBB-4DBB9860303F}.Release|Win32.Build.0 = Release|Win32
		{3666B1DA-F69C-4E79-8AD7-1EC1673DEE52}.Debug|Win32.ActiveCfg = Debug|Win32
		{3666B1DA-F69C-4E79-8AD7-1EC1673DEE52}.Debug|Win32.Build.0 = Debug|Win32
		{3666B1DA-F69C-4E79-8AD7-1EC1673DEE52}.Release|Win32.ActiveCfg = Release|Win32
		{3666B1DA-F69C-4E79-8AD7-1EC1673DEE52}.Release|Win32.Build.0 = Release|Win32
		{21071E84-86A4-428E-917F-4F5949F49AC8}.Debug|Win32.ActiveCfg = Debug|Win32
		{21071E84-86A4-428E-917F-4F5949F49AC8}.Debug|Win32.Build.0 = Debug|Win32
		{21071E84-86A4-428E-917F-4F5949F49AC8}.Release|Win32.ActiveCfg = Release|Win32
		{21071E84-86A4-428E-917F-4F5949F49AC8}.Release|Win32.Build.0 = Release|Win32
		{870DF0E6-6853-4FC3-AED5-1AD200A59BC4}.Debug|Win32.ActiveCfg = Debug|Win32
		{870DF0E6-6853-4FC3-AED5-1AD200A59BC4}.Debug|Win32.Build.0 = Debug|Win32
		{870DF0E6-6853-4FC3-AED5-1AD200A59BC4}.Release|Win32.ActiveCfg = Release|Win32
		{870DF0E6-6853-4FC3-AED5-1AD200A59BC4}.Release|Win32.Build.0 = Release|Win32
		{D6622FC6-989F-495D-B94C-C3C218187BAC}.Debug|Win32.ActiveCfg = Debug|Win32
		{D6622FC6-989F-495D-B94C-C3C218187BAC}.Debug|Win32.Build.0 = Debug|Win32
		{D6622FC6-989F-495D-B94C-C3C218187BAC}.Release|Win32.ActiveCfg = Release|Win32
		{D6622FC6-989F-495D-B94C-C3C218187BAC}.Release|Win32.Build.0 = Release|Win32
		{D29B39F7-CC77-4FCF-B348-814CCDADE8A4}.Debug|Win32.ActiveCfg = Debug|Win32
		{D29B39F7-CC77-4FCF-B348-814CCDADE8A4}.Debug|Win32.Build.0 = Debug|Win32
		{D29B39F7-CC77-4FCF-B348-814CCDADE8A4}.Release|Win32.ActiveCfg = Release|Win32
		{D29B39F7-CC77-4FCF-B348-814CCDADE8A4}.Release|Win32.Build.0 = Release|Win32
		{E2705FD5-6D31-4540-8352-6974059959A9}.Debug|Win32.ActiveCfg = Debug|Win32
		{E2705FD5-6D31-4540-8352-6974059959A9}.Debug|Win32.Build.0 = Debug|Win32
		{E2705FD5-6D31-4540-8352-6974059959A9}.Release|Win32.ActiveCfg = Release|Win32
		{E2705FD5-6D31-4540-8352-6974059959A9}.Release|Win32.Build.0 = Release|Win32
		{C85DF2CE-2DCD-4D80-9095-535F94F1E6BC}.Debug|Win32.ActiveCfg = Debug|Win32
		{C85DF2CE-2DCD-4D80-9095-535F94F1E6BC}.Debug|Win32.Build.0 = Debug|Win32
		{C85DF2CE-2DCD-4D80-9095-535F94F1E6BC}.Release|Win32.ActiveCfg = Release|Win32
		{C85DF2CE-2DCD-4D80-9095-535F94F1E6BC}.Release|Win32.Build.0 = Release|Win32
	EndGlobalSection
	GlobalSection(SolutionProperties) = preSolution
		HideSolutionNode = FALSE
	EndGlobalSection
EndGlobal
