Microsoft Visual Studio Solution File, Format Version 9.00
# Visual Studio 2005
Project("{8BC9CEB8-8B4A-11D0-8D11-00A0C91BC942}") = "foundation_win32", "foundation_win32.foundation_win32.vcproj", "{644EFE92-A26C-40AB-B173-5E7B80E29EEF}"
	ProjectSection(ProjectDependencies) = postProject
		{03496D18-8912-4906-AEA9-59E93D30D83F} = {03496D18-8912-4906-AEA9-59E93D30D83F}
	EndProjectSection
EndProject
Project("{8BC9CEB8-8B4A-11D0-8D11-00A0C91BC942}") = "nidls_win32", "foundation_win32.nidls_win32.vcproj", "{03496D18-8912-4906-AEA9-59E93D30D83F}"
EndProject
Global
	GlobalSection(SolutionConfigurationPlatforms) = preSolution
		Debug|Win32 = Debug|Win32
		Release|Win32 = Release|Win32
	EndGlobalSection
	GlobalSection(ProjectConfigurationPlatforms) = postSolution
		{644EFE92-A26C-40AB-B173-5E7B80E29EEF}.Debug|Win32.ActiveCfg = Debug|Win32
		{644EFE92-A26C-40AB-B173-5E7B80E29EEF}.Debug|Win32.Build.0 = Debug|Win32
		{644EFE92-A26C-40AB-B173-5E7B80E29EEF}.Release|Win32.ActiveCfg = Release|Win32
		{644EFE92-A26C-40AB-B173-5E7B80E29EEF}.Release|Win32.Build.0 = Release|Win32
		{03496D18-8912-4906-AEA9-59E93D30D83F}.Debug|Win32.ActiveCfg = Debug|Win32
		{03496D18-8912-4906-AEA9-59E93D30D83F}.Debug|Win32.Build.0 = Debug|Win32
		{03496D18-8912-4906-AEA9-59E93D30D83F}.Release|Win32.ActiveCfg = Release|Win32
		{03496D18-8912-4906-AEA9-59E93D30D83F}.Release|Win32.Build.0 = Release|Win32
	EndGlobalSection
	GlobalSection(SolutionProperties) = preSolution
		HideSolutionNode = FALSE
	EndGlobalSection
EndGlobal
