Microsoft Visual Studio Solution File, Format Version 9.00
# Visual Studio 2005
Project("{2150E333-8FDC-42A3-9474-1A3956D46DE8}") = "NIDLs", "NIDLs", "{798777e9-b38c-4974-bee3-b1cd45f6a1e6}"
EndProject
Project("{2150E333-8FDC-42A3-9474-1A3956D46DE8}") = "Libs", "Libs", "{832A854F-2030-4EA4-86FE-EDEEC017E78E}"
EndProject
Project("{2150E333-8FDC-42A3-9474-1A3956D46DE8}") = "Exes", "Exes", "{3B2AD919-B940-473D-A9CC-62428540DEC5}"
EndProject
Project("{8BC9CEB8-8B4A-11D0-8D11-00A0C91BC942}") = "foundation_nidls_win32", "benchmarks_win32.foundation_nidls_win32.vcproj", "{B6419E8F-CD70-425E-84E5-914AECF8F1BF}"
EndProject
Project("{8BC9CEB8-8B4A-11D0-8D11-00A0C91BC942}") = "foundation_win32", "benchmarks_win32.foundation_win32.vcproj", "{B8328592-1328-44CF-A371-99097496B6E8}"
	ProjectSection(ProjectDependencies) = postProject
		{B6419E8F-CD70-425E-84E5-914AECF8F1BF} = {B6419E8F-CD70-425E-84E5-914AECF8F1BF}
	EndProjectSection
EndProject
Project("{8BC9CEB8-8B4A-11D0-8D11-00A0C91BC942}") = "lua_win32", "benchmarks_win32.lua_win32.vcproj", "{3F54C063-8669-49C4-AE48-7977D7002FC6}"
EndProject
Project("{8BC9CEB8-8B4A-11D0-8D11-00A0C91BC942}") = "tinyxml_win32", "benchmarks_win32.tinyxml_win32.vcproj", "{393DE89B-4C96-47E0-82D2-5FEDC1BCDDD0}"
EndProject
Project("{8BC9CEB8-8B4A-11D0-8D11-00A0C91BC942}") = "zlib_win32", "benchmarks_win32.zlib_win32.vcproj", "{93C4D1A5-A400-46CE-91C2-8041937A9323}"
EndProject
Project("{8BC9CEB8-8B4A-11D0-8D11-00A0C91BC942}") = "db_win32", "benchmarks_win32.db_win32.vcproj", "{87971EEC-A597-4403-9BC7-811521F7716F}"
EndProject
Project("{8BC9CEB8-8B4A-11D0-8D11-00A0C91BC942}") = "sqlite_win32", "benchmarks_win32.sqlite_win32.vcproj", "{233CD74E-3921-4E95-830B-0D9CEB8DB5B3}"
EndProject
Project("{8BC9CEB8-8B4A-11D0-8D11-00A0C91BC942}") = "benchmarkbase_win32", "benchmarks_win32.benchmarkbase_win32.vcproj", "{7AF90F73-B69E-4866-B212-02C2866CA690}"
EndProject
Project("{8BC9CEB8-8B4A-11D0-8D11-00A0C91BC942}") = "benchmarkfoundation_win32", "benchmarks_win32.benchmarkfoundation_win32.vcproj", "{C361BF9A-5909-410F-80BC-2AA23BFB19C2}"
	ProjectSection(ProjectDependencies) = postProject
		{7AF90F73-B69E-4866-B212-02C2866CA690} = {7AF90F73-B69E-4866-B212-02C2866CA690}
		{B8328592-1328-44CF-A371-99097496B6E8} = {B8328592-1328-44CF-A371-99097496B6E8}
		{3F54C063-8669-49C4-AE48-7977D7002FC6} = {3F54C063-8669-49C4-AE48-7977D7002FC6}
		{393DE89B-4C96-47E0-82D2-5FEDC1BCDDD0} = {393DE89B-4C96-47E0-82D2-5FEDC1BCDDD0}
		{93C4D1A5-A400-46CE-91C2-8041937A9323} = {93C4D1A5-A400-46CE-91C2-8041937A9323}
	EndProjectSection
EndProject
Project("{8BC9CEB8-8B4A-11D0-8D11-00A0C91BC942}") = "benchmarkaddon_win32", "benchmarks_win32.benchmarkaddon_win32.vcproj", "{34DD833E-591F-4524-84A6-47F8D8A12277}"
	ProjectSection(ProjectDependencies) = postProject
		{7AF90F73-B69E-4866-B212-02C2866CA690} = {7AF90F73-B69E-4866-B212-02C2866CA690}
		{B8328592-1328-44CF-A371-99097496B6E8} = {B8328592-1328-44CF-A371-99097496B6E8}
		{3F54C063-8669-49C4-AE48-7977D7002FC6} = {3F54C063-8669-49C4-AE48-7977D7002FC6}
		{393DE89B-4C96-47E0-82D2-5FEDC1BCDDD0} = {393DE89B-4C96-47E0-82D2-5FEDC1BCDDD0}
		{93C4D1A5-A400-46CE-91C2-8041937A9323} = {93C4D1A5-A400-46CE-91C2-8041937A9323}
		{87971EEC-A597-4403-9BC7-811521F7716F} = {87971EEC-A597-4403-9BC7-811521F7716F}
		{233CD74E-3921-4E95-830B-0D9CEB8DB5B3} = {233CD74E-3921-4E95-830B-0D9CEB8DB5B3}
	EndProjectSection
EndProject
Global
	GlobalSection(SolutionConfigurationPlatforms) = preSolution
		Debug|Win32 = Debug|Win32
		Release|Win32 = Release|Win32
	EndGlobalSection
	GlobalSection(ProjectConfigurationPlatforms) = postSolution
		{B6419E8F-CD70-425E-84E5-914AECF8F1BF}.Debug|Win32.ActiveCfg = Debug|Win32
		{B6419E8F-CD70-425E-84E5-914AECF8F1BF}.Debug|Win32.Build.0 = Debug|Win32
		{B6419E8F-CD70-425E-84E5-914AECF8F1BF}.Release|Win32.ActiveCfg = Release|Win32
		{B6419E8F-CD70-425E-84E5-914AECF8F1BF}.Release|Win32.Build.0 = Release|Win32
		{B8328592-1328-44CF-A371-99097496B6E8}.Debug|Win32.ActiveCfg = Debug|Win32
		{B8328592-1328-44CF-A371-99097496B6E8}.Debug|Win32.Build.0 = Debug|Win32
		{B8328592-1328-44CF-A371-99097496B6E8}.Release|Win32.ActiveCfg = Release|Win32
		{B8328592-1328-44CF-A371-99097496B6E8}.Release|Win32.Build.0 = Release|Win32
		{3F54C063-8669-49C4-AE48-7977D7002FC6}.Debug|Win32.ActiveCfg = Debug|Win32
		{3F54C063-8669-49C4-AE48-7977D7002FC6}.Debug|Win32.Build.0 = Debug|Win32
		{3F54C063-8669-49C4-AE48-7977D7002FC6}.Release|Win32.ActiveCfg = Release|Win32
		{3F54C063-8669-49C4-AE48-7977D7002FC6}.Release|Win32.Build.0 = Release|Win32
		{393DE89B-4C96-47E0-82D2-5FEDC1BCDDD0}.Debug|Win32.ActiveCfg = Debug|Win32
		{393DE89B-4C96-47E0-82D2-5FEDC1BCDDD0}.Debug|Win32.Build.0 = Debug|Win32
		{393DE89B-4C96-47E0-82D2-5FEDC1BCDDD0}.Release|Win32.ActiveCfg = Release|Win32
		{393DE89B-4C96-47E0-82D2-5FEDC1BCDDD0}.Release|Win32.Build.0 = Release|Win32
		{93C4D1A5-A400-46CE-91C2-8041937A9323}.Debug|Win32.ActiveCfg = Debug|Win32
		{93C4D1A5-A400-46CE-91C2-8041937A9323}.Debug|Win32.Build.0 = Debug|Win32
		{93C4D1A5-A400-46CE-91C2-8041937A9323}.Release|Win32.ActiveCfg = Release|Win32
		{93C4D1A5-A400-46CE-91C2-8041937A9323}.Release|Win32.Build.0 = Release|Win32
		{87971EEC-A597-4403-9BC7-811521F7716F}.Debug|Win32.ActiveCfg = Debug|Win32
		{87971EEC-A597-4403-9BC7-811521F7716F}.Debug|Win32.Build.0 = Debug|Win32
		{87971EEC-A597-4403-9BC7-811521F7716F}.Release|Win32.ActiveCfg = Release|Win32
		{87971EEC-A597-4403-9BC7-811521F7716F}.Release|Win32.Build.0 = Release|Win32
		{233CD74E-3921-4E95-830B-0D9CEB8DB5B3}.Debug|Win32.ActiveCfg = Debug|Win32
		{233CD74E-3921-4E95-830B-0D9CEB8DB5B3}.Debug|Win32.Build.0 = Debug|Win32
		{233CD74E-3921-4E95-830B-0D9CEB8DB5B3}.Release|Win32.ActiveCfg = Release|Win32
		{233CD74E-3921-4E95-830B-0D9CEB8DB5B3}.Release|Win32.Build.0 = Release|Win32
		{7AF90F73-B69E-4866-B212-02C2866CA690}.Debug|Win32.ActiveCfg = Debug|Win32
		{7AF90F73-B69E-4866-B212-02C2866CA690}.Debug|Win32.Build.0 = Debug|Win32
		{7AF90F73-B69E-4866-B212-02C2866CA690}.Release|Win32.ActiveCfg = Release|Win32
		{7AF90F73-B69E-4866-B212-02C2866CA690}.Release|Win32.Build.0 = Release|Win32
		{C361BF9A-5909-410F-80BC-2AA23BFB19C2}.Debug|Win32.ActiveCfg = Debug|Win32
		{C361BF9A-5909-410F-80BC-2AA23BFB19C2}.Debug|Win32.Build.0 = Debug|Win32
		{C361BF9A-5909-410F-80BC-2AA23BFB19C2}.Release|Win32.ActiveCfg = Release|Win32
		{C361BF9A-5909-410F-80BC-2AA23BFB19C2}.Release|Win32.Build.0 = Release|Win32
		{34DD833E-591F-4524-84A6-47F8D8A12277}.Debug|Win32.ActiveCfg = Debug|Win32
		{34DD833E-591F-4524-84A6-47F8D8A12277}.Debug|Win32.Build.0 = Debug|Win32
		{34DD833E-591F-4524-84A6-47F8D8A12277}.Release|Win32.ActiveCfg = Release|Win32
		{34DD833E-591F-4524-84A6-47F8D8A12277}.Release|Win32.Build.0 = Release|Win32
	EndGlobalSection
	GlobalSection(SolutionProperties) = preSolution
		HideSolutionNode = FALSE
	EndGlobalSection
	GlobalSection(NestedProjects) = preSolution
		{B6419E8F-CD70-425E-84E5-914AECF8F1BF} = {798777e9-b38c-4974-bee3-b1cd45f6a1e6}
		{B8328592-1328-44CF-A371-99097496B6E8} = {832A854F-2030-4EA4-86FE-EDEEC017E78E}
		{3F54C063-8669-49C4-AE48-7977D7002FC6} = {832A854F-2030-4EA4-86FE-EDEEC017E78E}
		{393DE89B-4C96-47E0-82D2-5FEDC1BCDDD0} = {832A854F-2030-4EA4-86FE-EDEEC017E78E}
		{93C4D1A5-A400-46CE-91C2-8041937A9323} = {832A854F-2030-4EA4-86FE-EDEEC017E78E}
		{87971EEC-A597-4403-9BC7-811521F7716F} = {832A854F-2030-4EA4-86FE-EDEEC017E78E}
		{233CD74E-3921-4E95-830B-0D9CEB8DB5B3} = {832A854F-2030-4EA4-86FE-EDEEC017E78E}
		{7AF90F73-B69E-4866-B212-02C2866CA690} = {832A854F-2030-4EA4-86FE-EDEEC017E78E}
		{C361BF9A-5909-410F-80BC-2AA23BFB19C2} = {3B2AD919-B940-473D-A9CC-62428540DEC5}
		{34DD833E-591F-4524-84A6-47F8D8A12277} = {3B2AD919-B940-473D-A9CC-62428540DEC5}
	EndGlobalSection
EndGlobal
