Microsoft Visual Studio Solution File, Format Version 9.00
# Visual Studio 2005
Project("{2150E333-8FDC-42A3-9474-1A3956D46DE8}") = "NIDLs", "NIDLs", "{798777e9-b38c-4974-bee3-b1cd45f6a1e6}"
EndProject
Project("{2150E333-8FDC-42A3-9474-1A3956D46DE8}") = "Libs", "Libs", "{832A854F-2030-4EA4-86FE-EDEEC017E78E}"
EndProject
Project("{2150E333-8FDC-42A3-9474-1A3956D46DE8}") = "Exes", "Exes", "{3B2AD919-B940-473D-A9CC-62428540DEC5}"
EndProject
Project("{8BC9CEB8-8B4A-11D0-8D11-00A0C91BC942}") = "foundation_nidls_win32", "tests_win32.foundation_nidls_win32.vcproj", "{B6419E8F-CD70-425E-84E5-914AECF8F1BF}"
EndProject
Project("{8BC9CEB8-8B4A-11D0-8D11-00A0C91BC942}") = "render_nidls_win32", "tests_win32.render_nidls_win32.vcproj", "{6376E131-2246-4C5B-A13C-B4D4747172E6}"
EndProject
Project("{8BC9CEB8-8B4A-11D0-8D11-00A0C91BC942}") = "foundation_win32", "tests_win32.foundation_win32.vcproj", "{B8328592-1328-44CF-A371-99097496B6E8}"
	ProjectSection(ProjectDependencies) = postProject
		{B6419E8F-CD70-425E-84E5-914AECF8F1BF} = {B6419E8F-CD70-425E-84E5-914AECF8F1BF}
	EndProjectSection
EndProject
Project("{8BC9CEB8-8B4A-11D0-8D11-00A0C91BC942}") = "render_win32", "tests_win32.render_win32.vcproj", "{1DA6F730-9737-4983-A07A-A2C1268731A7}"
	ProjectSection(ProjectDependencies) = postProject
		{6376E131-2246-4C5B-A13C-B4D4747172E6} = {6376E131-2246-4C5B-A13C-B4D4747172E6}
	EndProjectSection
EndProject
Project("{8BC9CEB8-8B4A-11D0-8D11-00A0C91BC942}") = "lua_win32", "tests_win32.lua_win32.vcproj", "{3F54C063-8669-49C4-AE48-7977D7002FC6}"
EndProject
Project("{8BC9CEB8-8B4A-11D0-8D11-00A0C91BC942}") = "tinyxml_win32", "tests_win32.tinyxml_win32.vcproj", "{393DE89B-4C96-47E0-82D2-5FEDC1BCDDD0}"
EndProject
Project("{8BC9CEB8-8B4A-11D0-8D11-00A0C91BC942}") = "zlib_win32", "tests_win32.zlib_win32.vcproj", "{93C4D1A5-A400-46CE-91C2-8041937A9323}"
EndProject
Project("{8BC9CEB8-8B4A-11D0-8D11-00A0C91BC942}") = "nebula2_win32", "tests_win32.nebula2_win32.vcproj", "{1826AEF8-FD3F-42FB-B9C9-D2F92D624B82}"
EndProject
Project("{8BC9CEB8-8B4A-11D0-8D11-00A0C91BC942}") = "testbase_win32", "tests_win32.testbase_win32.vcproj", "{A445F527-95FB-4427-89A4-2B016F6DC51A}"
	ProjectSection(ProjectDependencies) = postProject
		{B8328592-1328-44CF-A371-99097496B6E8} = {B8328592-1328-44CF-A371-99097496B6E8}
		{3F54C063-8669-49C4-AE48-7977D7002FC6} = {3F54C063-8669-49C4-AE48-7977D7002FC6}
		{393DE89B-4C96-47E0-82D2-5FEDC1BCDDD0} = {393DE89B-4C96-47E0-82D2-5FEDC1BCDDD0}
		{93C4D1A5-A400-46CE-91C2-8041937A9323} = {93C4D1A5-A400-46CE-91C2-8041937A9323}
	EndProjectSection
EndProject
Project("{8BC9CEB8-8B4A-11D0-8D11-00A0C91BC942}") = "testfoundation_win32", "tests_win32.testfoundation_win32.vcproj", "{4AC29E5B-1019-4F21-AB56-4F404F92C390}"
	ProjectSection(ProjectDependencies) = postProject
		{B8328592-1328-44CF-A371-99097496B6E8} = {B8328592-1328-44CF-A371-99097496B6E8}
		{3F54C063-8669-49C4-AE48-7977D7002FC6} = {3F54C063-8669-49C4-AE48-7977D7002FC6}
		{393DE89B-4C96-47E0-82D2-5FEDC1BCDDD0} = {393DE89B-4C96-47E0-82D2-5FEDC1BCDDD0}
		{93C4D1A5-A400-46CE-91C2-8041937A9323} = {93C4D1A5-A400-46CE-91C2-8041937A9323}
		{A445F527-95FB-4427-89A4-2B016F6DC51A} = {A445F527-95FB-4427-89A4-2B016F6DC51A}
	EndProjectSection
EndProject
Project("{8BC9CEB8-8B4A-11D0-8D11-00A0C91BC942}") = "testrender_win32", "tests_win32.testrender_win32.vcproj", "{BC854086-82FA-493C-BD15-91A90CB5DE94}"
	ProjectSection(ProjectDependencies) = postProject
		{B8328592-1328-44CF-A371-99097496B6E8} = {B8328592-1328-44CF-A371-99097496B6E8}
		{1DA6F730-9737-4983-A07A-A2C1268731A7} = {1DA6F730-9737-4983-A07A-A2C1268731A7}
		{3F54C063-8669-49C4-AE48-7977D7002FC6} = {3F54C063-8669-49C4-AE48-7977D7002FC6}
		{393DE89B-4C96-47E0-82D2-5FEDC1BCDDD0} = {393DE89B-4C96-47E0-82D2-5FEDC1BCDDD0}
		{93C4D1A5-A400-46CE-91C2-8041937A9323} = {93C4D1A5-A400-46CE-91C2-8041937A9323}
		{1826AEF8-FD3F-42FB-B9C9-D2F92D624B82} = {1826AEF8-FD3F-42FB-B9C9-D2F92D624B82}
		{A445F527-95FB-4427-89A4-2B016F6DC51A} = {A445F527-95FB-4427-89A4-2B016F6DC51A}
	EndProjectSection
EndProject
Project("{8BC9CEB8-8B4A-11D0-8D11-00A0C91BC942}") = "stresstestvieweropenclose_win32", "tests_win32.stresstestvieweropenclose_win32.vcproj", "{84552C5B-F8EC-4BAA-8998-00263297398B}"
	ProjectSection(ProjectDependencies) = postProject
		{B8328592-1328-44CF-A371-99097496B6E8} = {B8328592-1328-44CF-A371-99097496B6E8}
		{1DA6F730-9737-4983-A07A-A2C1268731A7} = {1DA6F730-9737-4983-A07A-A2C1268731A7}
		{3F54C063-8669-49C4-AE48-7977D7002FC6} = {3F54C063-8669-49C4-AE48-7977D7002FC6}
		{393DE89B-4C96-47E0-82D2-5FEDC1BCDDD0} = {393DE89B-4C96-47E0-82D2-5FEDC1BCDDD0}
		{93C4D1A5-A400-46CE-91C2-8041937A9323} = {93C4D1A5-A400-46CE-91C2-8041937A9323}
		{1826AEF8-FD3F-42FB-B9C9-D2F92D624B82} = {1826AEF8-FD3F-42FB-B9C9-D2F92D624B82}
		{A445F527-95FB-4427-89A4-2B016F6DC51A} = {A445F527-95FB-4427-89A4-2B016F6DC51A}
	EndProjectSection
EndProject
Project("{8BC9CEB8-8B4A-11D0-8D11-00A0C91BC942}") = "viewerstresstest_win32", "tests_win32.viewerstresstest_win32.vcproj", "{D1282DD1-44E4-46F8-A16F-87BAF1C157BF}"
	ProjectSection(ProjectDependencies) = postProject
		{B8328592-1328-44CF-A371-99097496B6E8} = {B8328592-1328-44CF-A371-99097496B6E8}
		{1DA6F730-9737-4983-A07A-A2C1268731A7} = {1DA6F730-9737-4983-A07A-A2C1268731A7}
		{3F54C063-8669-49C4-AE48-7977D7002FC6} = {3F54C063-8669-49C4-AE48-7977D7002FC6}
		{393DE89B-4C96-47E0-82D2-5FEDC1BCDDD0} = {393DE89B-4C96-47E0-82D2-5FEDC1BCDDD0}
		{93C4D1A5-A400-46CE-91C2-8041937A9323} = {93C4D1A5-A400-46CE-91C2-8041937A9323}
		{1826AEF8-FD3F-42FB-B9C9-D2F92D624B82} = {1826AEF8-FD3F-42FB-B9C9-D2F92D624B82}
		{A445F527-95FB-4427-89A4-2B016F6DC51A} = {A445F527-95FB-4427-89A4-2B016F6DC51A}
	EndProjectSection
EndProject
Project("{8BC9CEB8-8B4A-11D0-8D11-00A0C91BC942}") = "audiotest_win32", "tests_win32.audiotest_win32.vcproj", "{C4310D4B-C068-4846-B2B7-2AD0D8C9CBC1}"
	ProjectSection(ProjectDependencies) = postProject
		{B8328592-1328-44CF-A371-99097496B6E8} = {B8328592-1328-44CF-A371-99097496B6E8}
		{1DA6F730-9737-4983-A07A-A2C1268731A7} = {1DA6F730-9737-4983-A07A-A2C1268731A7}
		{3F54C063-8669-49C4-AE48-7977D7002FC6} = {3F54C063-8669-49C4-AE48-7977D7002FC6}
		{393DE89B-4C96-47E0-82D2-5FEDC1BCDDD0} = {393DE89B-4C96-47E0-82D2-5FEDC1BCDDD0}
		{93C4D1A5-A400-46CE-91C2-8041937A9323} = {93C4D1A5-A400-46CE-91C2-8041937A9323}
		{1826AEF8-FD3F-42FB-B9C9-D2F92D624B82} = {1826AEF8-FD3F-42FB-B9C9-D2F92D624B82}
	EndProjectSection
EndProject
Global
	GlobalSection(SolutionConfigurationPlatforms) = preSolution
		Debug|Win32 = Debug|Win32
		Release|Win32 = Release|Win32
	EndGlobalSection
	GlobalSection(ProjectConfigurationPlatforms) = postSolution
		{B6419E8F-CD70-425E-84E5-914AECF8F1BF}.Debug|Win32.ActiveCfg = Debug|Win32
		{B6419E8F-CD70-425E-84E5-914AECF8F1BF}.Debug|Win32.Build.0 = Debug|Win32
		{B6419E8F-CD70-425E-84E5-914AECF8F1BF}.Release|Win32.ActiveCfg = Release|Win32
		{B6419E8F-CD70-425E-84E5-914AECF8F1BF}.Release|Win32.Build.0 = Release|Win32
		{6376E131-2246-4C5B-A13C-B4D4747172E6}.Debug|Win32.ActiveCfg = Debug|Win32
		{6376E131-2246-4C5B-A13C-B4D4747172E6}.Debug|Win32.Build.0 = Debug|Win32
		{6376E131-2246-4C5B-A13C-B4D4747172E6}.Release|Win32.ActiveCfg = Release|Win32
		{6376E131-2246-4C5B-A13C-B4D4747172E6}.Release|Win32.Build.0 = Release|Win32
		{B8328592-1328-44CF-A371-99097496B6E8}.Debug|Win32.ActiveCfg = Debug|Win32
		{B8328592-1328-44CF-A371-99097496B6E8}.Debug|Win32.Build.0 = Debug|Win32
		{B8328592-1328-44CF-A371-99097496B6E8}.Release|Win32.ActiveCfg = Release|Win32
		{B8328592-1328-44CF-A371-99097496B6E8}.Release|Win32.Build.0 = Release|Win32
		{1DA6F730-9737-4983-A07A-A2C1268731A7}.Debug|Win32.ActiveCfg = Debug|Win32
		{1DA6F730-9737-4983-A07A-A2C1268731A7}.Debug|Win32.Build.0 = Debug|Win32
		{1DA6F730-9737-4983-A07A-A2C1268731A7}.Release|Win32.ActiveCfg = Release|Win32
		{1DA6F730-9737-4983-A07A-A2C1268731A7}.Release|Win32.Build.0 = Release|Win32
		{3F54C063-8669-49C4-AE48-7977D7002FC6}.Debug|Win32.ActiveCfg = Debug|Win32
		{3F54C063-8669-49C4-AE48-7977D7002FC6}.Debug|Win32.Build.0 = Debug|Win32
		{3F54C063-8669-49C4-AE48-7977D7002FC6}.Release|Win32.ActiveCfg = Release|Win32
		{3F54C063-8669-49C4-AE48-7977D7002FC6}.Release|Win32.Build.0 = Release|Win32
		{393DE89B-4C96-47E0-82D2-5FEDC1BCDDD0}.Debug|Win32.ActiveCfg = Debug|Win32
		{393DE89B-4C96-47E0-82D2-5FEDC1BCDDD0}.Debug|Win32.Build.0 = Debug|Win32
		{393DE89B-4C96-47E0-82D2-5FEDC1BCDDD0}.Release|Win32.ActiveCfg = Release|Win32
		{393DE89B-4C96-47E0-82D2-5FEDC1BCDDD0}.Release|Win32.Build.0 = Release|Win32
		{93C4D1A5-A400-46CE-91C2-8041937A9323}.Debug|Win32.ActiveCfg = Debug|Win32
		{93C4D1A5-A400-46CE-91C2-8041937A9323}.Debug|Win32.Build.0 = Debug|Win32
		{93C4D1A5-A400-46CE-91C2-8041937A9323}.Release|Win32.ActiveCfg = Release|Win32
		{93C4D1A5-A400-46CE-91C2-8041937A9323}.Release|Win32.Build.0 = Release|Win32
		{1826AEF8-FD3F-42FB-B9C9-D2F92D624B82}.Debug|Win32.ActiveCfg = Debug|Win32
		{1826AEF8-FD3F-42FB-B9C9-D2F92D624B82}.Debug|Win32.Build.0 = Debug|Win32
		{1826AEF8-FD3F-42FB-B9C9-D2F92D624B82}.Release|Win32.ActiveCfg = Release|Win32
		{1826AEF8-FD3F-42FB-B9C9-D2F92D624B82}.Release|Win32.Build.0 = Release|Win32
		{A445F527-95FB-4427-89A4-2B016F6DC51A}.Debug|Win32.ActiveCfg = Debug|Win32
		{A445F527-95FB-4427-89A4-2B016F6DC51A}.Debug|Win32.Build.0 = Debug|Win32
		{A445F527-95FB-4427-89A4-2B016F6DC51A}.Release|Win32.ActiveCfg = Release|Win32
		{A445F527-95FB-4427-89A4-2B016F6DC51A}.Release|Win32.Build.0 = Release|Win32
		{4AC29E5B-1019-4F21-AB56-4F404F92C390}.Debug|Win32.ActiveCfg = Debug|Win32
		{4AC29E5B-1019-4F21-AB56-4F404F92C390}.Debug|Win32.Build.0 = Debug|Win32
		{4AC29E5B-1019-4F21-AB56-4F404F92C390}.Release|Win32.ActiveCfg = Release|Win32
		{4AC29E5B-1019-4F21-AB56-4F404F92C390}.Release|Win32.Build.0 = Release|Win32
		{BC854086-82FA-493C-BD15-91A90CB5DE94}.Debug|Win32.ActiveCfg = Debug|Win32
		{BC854086-82FA-493C-BD15-91A90CB5DE94}.Debug|Win32.Build.0 = Debug|Win32
		{BC854086-82FA-493C-BD15-91A90CB5DE94}.Release|Win32.ActiveCfg = Release|Win32
		{BC854086-82FA-493C-BD15-91A90CB5DE94}.Release|Win32.Build.0 = Release|Win32
		{84552C5B-F8EC-4BAA-8998-00263297398B}.Debug|Win32.ActiveCfg = Debug|Win32
		{84552C5B-F8EC-4BAA-8998-00263297398B}.Debug|Win32.Build.0 = Debug|Win32
		{84552C5B-F8EC-4BAA-8998-00263297398B}.Release|Win32.ActiveCfg = Release|Win32
		{84552C5B-F8EC-4BAA-8998-00263297398B}.Release|Win32.Build.0 = Release|Win32
		{D1282DD1-44E4-46F8-A16F-87BAF1C157BF}.Debug|Win32.ActiveCfg = Debug|Win32
		{D1282DD1-44E4-46F8-A16F-87BAF1C157BF}.Debug|Win32.Build.0 = Debug|Win32
		{D1282DD1-44E4-46F8-A16F-87BAF1C157BF}.Release|Win32.ActiveCfg = Release|Win32
		{D1282DD1-44E4-46F8-A16F-87BAF1C157BF}.Release|Win32.Build.0 = Release|Win32
		{C4310D4B-C068-4846-B2B7-2AD0D8C9CBC1}.Debug|Win32.ActiveCfg = Debug|Win32
		{C4310D4B-C068-4846-B2B7-2AD0D8C9CBC1}.Debug|Win32.Build.0 = Debug|Win32
		{C4310D4B-C068-4846-B2B7-2AD0D8C9CBC1}.Release|Win32.ActiveCfg = Release|Win32
		{C4310D4B-C068-4846-B2B7-2AD0D8C9CBC1}.Release|Win32.Build.0 = Release|Win32
	EndGlobalSection
	GlobalSection(SolutionProperties) = preSolution
		HideSolutionNode = FALSE
	EndGlobalSection
	GlobalSection(NestedProjects) = preSolution
		{B6419E8F-CD70-425E-84E5-914AECF8F1BF} = {798777e9-b38c-4974-bee3-b1cd45f6a1e6}
		{6376E131-2246-4C5B-A13C-B4D4747172E6} = {798777e9-b38c-4974-bee3-b1cd45f6a1e6}
		{B8328592-1328-44CF-A371-99097496B6E8} = {832A854F-2030-4EA4-86FE-EDEEC017E78E}
		{1DA6F730-9737-4983-A07A-A2C1268731A7} = {832A854F-2030-4EA4-86FE-EDEEC017E78E}
		{3F54C063-8669-49C4-AE48-7977D7002FC6} = {832A854F-2030-4EA4-86FE-EDEEC017E78E}
		{393DE89B-4C96-47E0-82D2-5FEDC1BCDDD0} = {832A854F-2030-4EA4-86FE-EDEEC017E78E}
		{93C4D1A5-A400-46CE-91C2-8041937A9323} = {832A854F-2030-4EA4-86FE-EDEEC017E78E}
		{1826AEF8-FD3F-42FB-B9C9-D2F92D624B82} = {832A854F-2030-4EA4-86FE-EDEEC017E78E}
		{A445F527-95FB-4427-89A4-2B016F6DC51A} = {832A854F-2030-4EA4-86FE-EDEEC017E78E}
		{4AC29E5B-1019-4F21-AB56-4F404F92C390} = {3B2AD919-B940-473D-A9CC-62428540DEC5}
		{BC854086-82FA-493C-BD15-91A90CB5DE94} = {3B2AD919-B940-473D-A9CC-62428540DEC5}
		{84552C5B-F8EC-4BAA-8998-00263297398B} = {3B2AD919-B940-473D-A9CC-62428540DEC5}
		{D1282DD1-44E4-46F8-A16F-87BAF1C157BF} = {3B2AD919-B940-473D-A9CC-62428540DEC5}
		{C4310D4B-C068-4846-B2B7-2AD0D8C9CBC1} = {3B2AD919-B940-473D-A9CC-62428540DEC5}
	EndGlobalSection
EndGlobal
