Microsoft Visual Studio Solution File, Format Version 9.00
# Visual Studio 2005
Project("{8BC9CEB8-8B4A-11D0-8D11-00A0C91BC942}") = "tools_win32", "tools_win32.tools_win32.vcproj", "{85C2061C-AE30-4C60-B9ED-119A58C1A404}"
	ProjectSection(ProjectDependencies) = postProject
		{B06B41C4-A9DE-4452-B762-D9832E62CC00} = {B06B41C4-A9DE-4452-B762-D9832E62CC00}
		{BCF8E1CE-5C3B-4AE4-8600-2E563B9CF75F} = {BCF8E1CE-5C3B-4AE4-8600-2E563B9CF75F}
		{19BEFA22-4CB6-429E-B131-51E9A69033E7} = {19BEFA22-4CB6-429E-B131-51E9A69033E7}
		{C507DF5F-0896-4A04-91E7-281AEFCB4CD3} = {C507DF5F-0896-4A04-91E7-281AEFCB4CD3}
		{7D8E18E0-2C9D-4A6C-B52D-5EE366DE8A28} = {7D8E18E0-2C9D-4A6C-B52D-5EE366DE8A28}
		{5D410822-C5C2-4DC9-A5C9-AC567002216A} = {5D410822-C5C2-4DC9-A5C9-AC567002216A}
		{F36A7261-DB82-4C4B-9847-2CAE731CD553} = {F36A7261-DB82-4C4B-9847-2CAE731CD553}
		{1BDCB4B2-1596-439D-98D0-5B065B22FBF7} = {1BDCB4B2-1596-439D-98D0-5B065B22FBF7}
		{10237F9C-D624-437E-9C93-40CA9A665A70} = {10237F9C-D624-437E-9C93-40CA9A665A70}
	EndProjectSection
EndProject
Project("{8BC9CEB8-8B4A-11D0-8D11-00A0C91BC942}") = "testserver", "tools_win32.testserver.vcproj", "{B06B41C4-A9DE-4452-B762-D9832E62CC00}"
EndProject
Project("{8BC9CEB8-8B4A-11D0-8D11-00A0C91BC942}") = "testclient", "tools_win32.testclient.vcproj", "{BCF8E1CE-5C3B-4AE4-8600-2E563B9CF75F}"
EndProject
Project("{8BC9CEB8-8B4A-11D0-8D11-00A0C91BC942}") = "nsh3", "tools_win32.nsh3.vcproj", "{19BEFA22-4CB6-429E-B131-51E9A69033E7}"
EndProject
Project("{8BC9CEB8-8B4A-11D0-8D11-00A0C91BC942}") = "nsc3", "tools_win32.nsc3.vcproj", "{C507DF5F-0896-4A04-91E7-281AEFCB4CD3}"
EndProject
Project("{8BC9CEB8-8B4A-11D0-8D11-00A0C91BC942}") = "nviewer3", "tools_win32.nviewer3.vcproj", "{7D8E18E0-2C9D-4A6C-B52D-5EE366DE8A28}"
EndProject
Project("{8BC9CEB8-8B4A-11D0-8D11-00A0C91BC942}") = "testviewer", "tools_win32.testviewer.vcproj", "{5D410822-C5C2-4DC9-A5C9-AC567002216A}"
EndProject
Project("{8BC9CEB8-8B4A-11D0-8D11-00A0C91BC942}") = "testremoteviewer", "tools_win32.testremoteviewer.vcproj", "{F36A7261-DB82-4C4B-9847-2CAE731CD553}"
EndProject
Project("{8BC9CEB8-8B4A-11D0-8D11-00A0C91BC942}") = "testgame", "tools_win32.testgame.vcproj", "{1BDCB4B2-1596-439D-98D0-5B065B22FBF7}"
EndProject
Project("{8BC9CEB8-8B4A-11D0-8D11-00A0C91BC942}") = "genrandtable", "tools_win32.genrandtable.vcproj", "{10237F9C-D624-437E-9C93-40CA9A665A70}"
EndProject
Global
	GlobalSection(SolutionConfigurationPlatforms) = preSolution
		Debug|Win32 = Debug|Win32
		Release|Win32 = Release|Win32
	EndGlobalSection
	GlobalSection(ProjectConfigurationPlatforms) = postSolution
		{85C2061C-AE30-4C60-B9ED-119A58C1A404}.Debug|Win32.ActiveCfg = Debug|Win32
		{85C2061C-AE30-4C60-B9ED-119A58C1A404}.Debug|Win32.Build.0 = Debug|Win32
		{85C2061C-AE30-4C60-B9ED-119A58C1A404}.Release|Win32.ActiveCfg = Release|Win32
		{85C2061C-AE30-4C60-B9ED-119A58C1A404}.Release|Win32.Build.0 = Release|Win32
		{B06B41C4-A9DE-4452-B762-D9832E62CC00}.Debug|Win32.ActiveCfg = Debug|Win32
		{B06B41C4-A9DE-4452-B762-D9832E62CC00}.Debug|Win32.Build.0 = Debug|Win32
		{B06B41C4-A9DE-4452-B762-D9832E62CC00}.Release|Win32.ActiveCfg = Release|Win32
		{B06B41C4-A9DE-4452-B762-D9832E62CC00}.Release|Win32.Build.0 = Release|Win32
		{BCF8E1CE-5C3B-4AE4-8600-2E563B9CF75F}.Debug|Win32.ActiveCfg = Debug|Win32
		{BCF8E1CE-5C3B-4AE4-8600-2E563B9CF75F}.Debug|Win32.Build.0 = Debug|Win32
		{BCF8E1CE-5C3B-4AE4-8600-2E563B9CF75F}.Release|Win32.ActiveCfg = Release|Win32
		{BCF8E1CE-5C3B-4AE4-8600-2E563B9CF75F}.Release|Win32.Build.0 = Release|Win32
		{19BEFA22-4CB6-429E-B131-51E9A69033E7}.Debug|Win32.ActiveCfg = Debug|Win32
		{19BEFA22-4CB6-429E-B131-51E9A69033E7}.Debug|Win32.Build.0 = Debug|Win32
		{19BEFA22-4CB6-429E-B131-51E9A69033E7}.Release|Win32.ActiveCfg = Release|Win32
		{19BEFA22-4CB6-429E-B131-51E9A69033E7}.Release|Win32.Build.0 = Release|Win32
		{C507DF5F-0896-4A04-91E7-281AEFCB4CD3}.Debug|Win32.ActiveCfg = Debug|Win32
		{C507DF5F-0896-4A04-91E7-281AEFCB4CD3}.Debug|Win32.Build.0 = Debug|Win32
		{C507DF5F-0896-4A04-91E7-281AEFCB4CD3}.Release|Win32.ActiveCfg = Release|Win32
		{C507DF5F-0896-4A04-91E7-281AEFCB4CD3}.Release|Win32.Build.0 = Release|Win32
		{7D8E18E0-2C9D-4A6C-B52D-5EE366DE8A28}.Debug|Win32.ActiveCfg = Debug|Win32
		{7D8E18E0-2C9D-4A6C-B52D-5EE366DE8A28}.Debug|Win32.Build.0 = Debug|Win32
		{7D8E18E0-2C9D-4A6C-B52D-5EE366DE8A28}.Release|Win32.ActiveCfg = Release|Win32
		{7D8E18E0-2C9D-4A6C-B52D-5EE366DE8A28}.Release|Win32.Build.0 = Release|Win32
		{5D410822-C5C2-4DC9-A5C9-AC567002216A}.Debug|Win32.ActiveCfg = Debug|Win32
		{5D410822-C5C2-4DC9-A5C9-AC567002216A}.Debug|Win32.Build.0 = Debug|Win32
		{5D410822-C5C2-4DC9-A5C9-AC567002216A}.Release|Win32.ActiveCfg = Release|Win32
		{5D410822-C5C2-4DC9-A5C9-AC567002216A}.Release|Win32.Build.0 = Release|Win32
		{F36A7261-DB82-4C4B-9847-2CAE731CD553}.Debug|Win32.ActiveCfg = Debug|Win32
		{F36A7261-DB82-4C4B-9847-2CAE731CD553}.Debug|Win32.Build.0 = Debug|Win32
		{F36A7261-DB82-4C4B-9847-2CAE731CD553}.Release|Win32.ActiveCfg = Release|Win32
		{F36A7261-DB82-4C4B-9847-2CAE731CD553}.Release|Win32.Build.0 = Release|Win32
		{1BDCB4B2-1596-439D-98D0-5B065B22FBF7}.Debug|Win32.ActiveCfg = Debug|Win32
		{1BDCB4B2-1596-439D-98D0-5B065B22FBF7}.Debug|Win32.Build.0 = Debug|Win32
		{1BDCB4B2-1596-439D-98D0-5B065B22FBF7}.Release|Win32.ActiveCfg = Release|Win32
		{1BDCB4B2-1596-439D-98D0-5B065B22FBF7}.Release|Win32.Build.0 = Release|Win32
		{10237F9C-D624-437E-9C93-40CA9A665A70}.Debug|Win32.ActiveCfg = Debug|Win32
		{10237F9C-D624-437E-9C93-40CA9A665A70}.Debug|Win32.Build.0 = Debug|Win32
		{10237F9C-D624-437E-9C93-40CA9A665A70}.Release|Win32.ActiveCfg = Release|Win32
		{10237F9C-D624-437E-9C93-40CA9A665A70}.Release|Win32.Build.0 = Release|Win32
	EndGlobalSection
	GlobalSection(SolutionProperties) = preSolution
		HideSolutionNode = FALSE
	EndGlobalSection
EndGlobal
