Microsoft Visual Studio Solution File, Format Version 9.00
# Visual Studio 2005
Project("{2150E333-8FDC-42A3-9474-1A3956D46DE8}") = "NIDLs", "NIDLs", "{798777e9-b38c-4974-bee3-b1cd45f6a1e6}"
EndProject
Project("{2150E333-8FDC-42A3-9474-1A3956D46DE8}") = "Libs", "Libs", "{832A854F-2030-4EA4-86FE-EDEEC017E78E}"
EndProject
Project("{8BC9CEB8-8B4A-11D0-8D11-00A0C91BC942}") = "db_win32", "addons_win32.db_win32.vcproj", "{87971EEC-A597-4403-9BC7-811521F7716F}"
EndProject
Project("{8BC9CEB8-8B4A-11D0-8D11-00A0C91BC942}") = "nebula2_win32", "addons_win32.nebula2_win32.vcproj", "{1826AEF8-FD3F-42FB-B9C9-D2F92D624B82}"
EndProject
Project("{8BC9CEB8-8B4A-11D0-8D11-00A0C91BC942}") = "physics_win32", "addons_win32.physics_win32.vcproj", "{84AD9BE3-26BD-4B46-AB9C-F2AF194C577A}"
EndProject
Project("{8BC9CEB8-8B4A-11D0-8D11-00A0C91BC942}") = "network_nidls_win32", "addons_win32.network_nidls_win32.vcproj", "{5E3B2F28-006C-4422-8A07-FD0C08DDA155}"
EndProject
Project("{8BC9CEB8-8B4A-11D0-8D11-00A0C91BC942}") = "network_win32", "addons_win32.network_win32.vcproj", "{D940E2FF-1FB4-47A0-B945-E1F6450CDFA7}"
	ProjectSection(ProjectDependencies) = postProject
		{5E3B2F28-006C-4422-8A07-FD0C08DDA155} = {5E3B2F28-006C-4422-8A07-FD0C08DDA155}
	EndProjectSection
EndProject
Global
	GlobalSection(SolutionConfigurationPlatforms) = preSolution
		Debug|Win32 = Debug|Win32
		Release|Win32 = Release|Win32
	EndGlobalSection
	GlobalSection(ProjectConfigurationPlatforms) = postSolution
		{87971EEC-A597-4403-9BC7-811521F7716F}.Debug|Win32.ActiveCfg = Debug|Win32
		{87971EEC-A597-4403-9BC7-811521F7716F}.Debug|Win32.Build.0 = Debug|Win32
		{87971EEC-A597-4403-9BC7-811521F7716F}.Release|Win32.ActiveCfg = Release|Win32
		{87971EEC-A597-4403-9BC7-811521F7716F}.Release|Win32.Build.0 = Release|Win32
		{1826AEF8-FD3F-42FB-B9C9-D2F92D624B82}.Debug|Win32.ActiveCfg = Debug|Win32
		{1826AEF8-FD3F-42FB-B9C9-D2F92D624B82}.Debug|Win32.Build.0 = Debug|Win32
		{1826AEF8-FD3F-42FB-B9C9-D2F92D624B82}.Release|Win32.ActiveCfg = Release|Win32
		{1826AEF8-FD3F-42FB-B9C9-D2F92D624B82}.Release|Win32.Build.0 = Release|Win32
		{84AD9BE3-26BD-4B46-AB9C-F2AF194C577A}.Debug|Win32.ActiveCfg = Debug|Win32
		{84AD9BE3-26BD-4B46-AB9C-F2AF194C577A}.Debug|Win32.Build.0 = Debug|Win32
		{84AD9BE3-26BD-4B46-AB9C-F2AF194C577A}.Release|Win32.ActiveCfg = Release|Win32
		{84AD9BE3-26BD-4B46-AB9C-F2AF194C577A}.Release|Win32.Build.0 = Release|Win32
		{5E3B2F28-006C-4422-8A07-FD0C08DDA155}.Debug|Win32.ActiveCfg = Debug|Win32
		{5E3B2F28-006C-4422-8A07-FD0C08DDA155}.Debug|Win32.Build.0 = Debug|Win32
		{5E3B2F28-006C-4422-8A07-FD0C08DDA155}.Release|Win32.ActiveCfg = Release|Win32
		{5E3B2F28-006C-4422-8A07-FD0C08DDA155}.Release|Win32.Build.0 = Release|Win32
		{D940E2FF-1FB4-47A0-B945-E1F6450CDFA7}.Debug|Win32.ActiveCfg = Debug|Win32
		{D940E2FF-1FB4-47A0-B945-E1F6450CDFA7}.Debug|Win32.Build.0 = Debug|Win32
		{D940E2FF-1FB4-47A0-B945-E1F6450CDFA7}.Release|Win32.ActiveCfg = Release|Win32
		{D940E2FF-1FB4-47A0-B945-E1F6450CDFA7}.Release|Win32.Build.0 = Release|Win32
	EndGlobalSection
	GlobalSection(SolutionProperties) = preSolution
		HideSolutionNode = FALSE
	EndGlobalSection
	GlobalSection(NestedProjects) = preSolution
		{87971EEC-A597-4403-9BC7-811521F7716F} = {832A854F-2030-4EA4-86FE-EDEEC017E78E}
		{1826AEF8-FD3F-42FB-B9C9-D2F92D624B82} = {832A854F-2030-4EA4-86FE-EDEEC017E78E}
		{84AD9BE3-26BD-4B46-AB9C-F2AF194C577A} = {832A854F-2030-4EA4-86FE-EDEEC017E78E}
		{5E3B2F28-006C-4422-8A07-FD0C08DDA155} = {798777e9-b38c-4974-bee3-b1cd45f6a1e6}
		{D940E2FF-1FB4-47A0-B945-E1F6450CDFA7} = {832A854F-2030-4EA4-86FE-EDEEC017E78E}
	EndGlobalSection
EndGlobal
