Microsoft Visual Studio Solution File, Format Version 9.00
# Visual Studio 2005
Project("{2150E333-8FDC-42A3-9474-1A3956D46DE8}") = "NIDLs", "NIDLs", "{798777e9-b38c-4974-bee3-b1cd45f6a1e6}"
EndProject
Project("{2150E333-8FDC-42A3-9474-1A3956D46DE8}") = "Libs", "Libs", "{832A854F-2030-4EA4-86FE-EDEEC017E78E}"
EndProject
Project("{8BC9CEB8-8B4A-11D0-8D11-00A0C91BC942}") = "application_nidls_win32", "application_win32.application_nidls_win32.vcproj", "{B51E2FB4-9720-4FC9-9395-3C8EA41FB7BC}"
EndProject
Project("{8BC9CEB8-8B4A-11D0-8D11-00A0C91BC942}") = "application_win32", "application_win32.application_win32.vcproj", "{8AEC1F65-53D4-44AE-9098-9E68301BE0B4}"
	ProjectSection(ProjectDependencies) = postProject
		{B51E2FB4-9720-4FC9-9395-3C8EA41FB7BC} = {B51E2FB4-9720-4FC9-9395-3C8EA41FB7BC}
	EndProjectSection
EndProject
Global
	GlobalSection(SolutionConfigurationPlatforms) = preSolution
		Debug|Win32 = Debug|Win32
		Release|Win32 = Release|Win32
	EndGlobalSection
	GlobalSection(ProjectConfigurationPlatforms) = postSolution
		{B51E2FB4-9720-4FC9-9395-3C8EA41FB7BC}.Debug|Win32.ActiveCfg = Debug|Win32
		{B51E2FB4-9720-4FC9-9395-3C8EA41FB7BC}.Debug|Win32.Build.0 = Debug|Win32
		{B51E2FB4-9720-4FC9-9395-3C8EA41FB7BC}.Release|Win32.ActiveCfg = Release|Win32
		{B51E2FB4-9720-4FC9-9395-3C8EA41FB7BC}.Release|Win32.Build.0 = Release|Win32
		{8AEC1F65-53D4-44AE-9098-9E68301BE0B4}.Debug|Win32.ActiveCfg = Debug|Win32
		{8AEC1F65-53D4-44AE-9098-9E68301BE0B4}.Debug|Win32.Build.0 = Debug|Win32
		{8AEC1F65-53D4-44AE-9098-9E68301BE0B4}.Release|Win32.ActiveCfg = Release|Win32
		{8AEC1F65-53D4-44AE-9098-9E68301BE0B4}.Release|Win32.Build.0 = Release|Win32
	EndGlobalSection
	GlobalSection(SolutionProperties) = preSolution
		HideSolutionNode = FALSE
	EndGlobalSection
	GlobalSection(NestedProjects) = preSolution
		{B51E2FB4-9720-4FC9-9395-3C8EA41FB7BC} = {798777e9-b38c-4974-bee3-b1cd45f6a1e6}
		{8AEC1F65-53D4-44AE-9098-9E68301BE0B4} = {832A854F-2030-4EA4-86FE-EDEEC017E78E}
	EndGlobalSection
EndGlobal
