Microsoft Visual Studio Solution File, Format Version 9.00
# Visual Studio 2005
Project("{8BC9CEB8-8B4A-11D0-8D11-00A0C91BC942}") = "extlibs_win32", "extlibs_win32.extlibs_win32.vcproj", "{BF38ACDD-0E97-415E-9389-65D55E3CDF7C}"
	ProjectSection(ProjectDependencies) = postProject
		{5B901D98-1196-4622-AB17-C82BA0A845A0} = {5B901D98-1196-4622-AB17-C82BA0A845A0}
		{FE2D9E22-B045-490B-BD8D-A20E2B06AB1F} = {FE2D9E22-B045-490B-BD8D-A20E2B06AB1F}
		{9E3785B7-F311-4E13-8240-C223ACE8A313} = {9E3785B7-F311-4E13-8240-C223ACE8A313}
		{4A859F2F-E1A3-4C02-84B3-52F085B1FA7A} = {4A859F2F-E1A3-4C02-84B3-52F085B1FA7A}
		{609351BC-B1BF-4985-9F60-015046312C5A} = {609351BC-B1BF-4985-9F60-015046312C5A}
		{7BF59155-86DF-4E22-A2C8-8DC9CDCA6D9A} = {7BF59155-86DF-4E22-A2C8-8DC9CDCA6D9A}
		{192D8DAB-F180-4F7E-B930-5539861E1243} = {192D8DAB-F180-4F7E-B930-5539861E1243}
	EndProjectSection
EndProject
Project("{8BC9CEB8-8B4A-11D0-8D11-00A0C91BC942}") = "lua_win32", "extlibs_win32.lua_win32.vcproj", "{5B901D98-1196-4622-AB17-C82BA0A845A0}"
EndProject
Project("{8BC9CEB8-8B4A-11D0-8D11-00A0C91BC942}") = "tinyxml_win32", "extlibs_win32.tinyxml_win32.vcproj", "{FE2D9E22-B045-490B-BD8D-A20E2B06AB1F}"
EndProject
Project("{8BC9CEB8-8B4A-11D0-8D11-00A0C91BC942}") = "zlib_win32", "extlibs_win32.zlib_win32.vcproj", "{9E3785B7-F311-4E13-8240-C223ACE8A313}"
EndProject
Project("{8BC9CEB8-8B4A-11D0-8D11-00A0C91BC942}") = "sqlite_win32", "extlibs_win32.sqlite_win32.vcproj", "{4A859F2F-E1A3-4C02-84B3-52F085B1FA7A}"
EndProject
Project("{8BC9CEB8-8B4A-11D0-8D11-00A0C91BC942}") = "ode_win32", "extlibs_win32.ode_win32.vcproj", "{609351BC-B1BF-4985-9F60-015046312C5A}"
EndProject
Project("{8BC9CEB8-8B4A-11D0-8D11-00A0C91BC942}") = "opcode_win32", "extlibs_win32.opcode_win32.vcproj", "{7BF59155-86DF-4E22-A2C8-8DC9CDCA6D9A}"
EndProject
Project("{8BC9CEB8-8B4A-11D0-8D11-00A0C91BC942}") = "gimpact_win32", "extlibs_win32.gimpact_win32.vcproj", "{192D8DAB-F180-4F7E-B930-5539861E1243}"
EndProject
Global
	GlobalSection(SolutionConfigurationPlatforms) = preSolution
		Debug|Win32 = Debug|Win32
		Release|Win32 = Release|Win32
	EndGlobalSection
	GlobalSection(ProjectConfigurationPlatforms) = postSolution
		{BF38ACDD-0E97-415E-9389-65D55E3CDF7C}.Debug|Win32.ActiveCfg = Debug|Win32
		{BF38ACDD-0E97-415E-9389-65D55E3CDF7C}.Debug|Win32.Build.0 = Debug|Win32
		{BF38ACDD-0E97-415E-9389-65D55E3CDF7C}.Release|Win32.ActiveCfg = Release|Win32
		{BF38ACDD-0E97-415E-9389-65D55E3CDF7C}.Release|Win32.Build.0 = Release|Win32
		{5B901D98-1196-4622-AB17-C82BA0A845A0}.Debug|Win32.ActiveCfg = Debug|Win32
		{5B901D98-1196-4622-AB17-C82BA0A845A0}.Debug|Win32.Build.0 = Debug|Win32
		{5B901D98-1196-4622-AB17-C82BA0A845A0}.Release|Win32.ActiveCfg = Release|Win32
		{5B901D98-1196-4622-AB17-C82BA0A845A0}.Release|Win32.Build.0 = Release|Win32
		{FE2D9E22-B045-490B-BD8D-A20E2B06AB1F}.Debug|Win32.ActiveCfg = Debug|Win32
		{FE2D9E22-B045-490B-BD8D-A20E2B06AB1F}.Debug|Win32.Build.0 = Debug|Win32
		{FE2D9E22-B045-490B-BD8D-A20E2B06AB1F}.Release|Win32.ActiveCfg = Release|Win32
		{FE2D9E22-B045-490B-BD8D-A20E2B06AB1F}.Release|Win32.Build.0 = Release|Win32
		{9E3785B7-F311-4E13-8240-C223ACE8A313}.Debug|Win32.ActiveCfg = Debug|Win32
		{9E3785B7-F311-4E13-8240-C223ACE8A313}.Debug|Win32.Build.0 = Debug|Win32
		{9E3785B7-F311-4E13-8240-C223ACE8A313}.Release|Win32.ActiveCfg = Release|Win32
		{9E3785B7-F311-4E13-8240-C223ACE8A313}.Release|Win32.Build.0 = Release|Win32
		{4A859F2F-E1A3-4C02-84B3-52F085B1FA7A}.Debug|Win32.ActiveCfg = Debug|Win32
		{4A859F2F-E1A3-4C02-84B3-52F085B1FA7A}.Debug|Win32.Build.0 = Debug|Win32
		{4A859F2F-E1A3-4C02-84B3-52F085B1FA7A}.Release|Win32.ActiveCfg = Release|Win32
		{4A859F2F-E1A3-4C02-84B3-52F085B1FA7A}.Release|Win32.Build.0 = Release|Win32
		{609351BC-B1BF-4985-9F60-015046312C5A}.Debug|Win32.ActiveCfg = Debug|Win32
		{609351BC-B1BF-4985-9F60-015046312C5A}.Debug|Win32.Build.0 = Debug|Win32
		{609351BC-B1BF-4985-9F60-015046312C5A}.Release|Win32.ActiveCfg = Release|Win32
		{609351BC-B1BF-4985-9F60-015046312C5A}.Release|Win32.Build.0 = Release|Win32
		{7BF59155-86DF-4E22-A2C8-8DC9CDCA6D9A}.Debug|Win32.ActiveCfg = Debug|Win32
		{7BF59155-86DF-4E22-A2C8-8DC9CDCA6D9A}.Debug|Win32.Build.0 = Debug|Win32
		{7BF59155-86DF-4E22-A2C8-8DC9CDCA6D9A}.Release|Win32.ActiveCfg = Release|Win32
		{7BF59155-86DF-4E22-A2C8-8DC9CDCA6D9A}.Release|Win32.Build.0 = Release|Win32
		{192D8DAB-F180-4F7E-B930-5539861E1243}.Debug|Win32.ActiveCfg = Debug|Win32
		{192D8DAB-F180-4F7E-B930-5539861E1243}.Debug|Win32.Build.0 = Debug|Win32
		{192D8DAB-F180-4F7E-B930-5539861E1243}.Release|Win32.ActiveCfg = Release|Win32
		{192D8DAB-F180-4F7E-B930-5539861E1243}.Release|Win32.Build.0 = Release|Win32
	EndGlobalSection
	GlobalSection(SolutionProperties) = preSolution
		HideSolutionNode = FALSE
	EndGlobalSection
EndGlobal
