Microsoft Visual Studio Solution File, Format Version 9.00
# Visual Studio 2005
Project("{2150E333-8FDC-42A3-9474-1A3956D46DE8}") = "NIDLs", "NIDLs", "{798777e9-b38c-4974-bee3-b1cd45f6a1e6}"
EndProject
Project("{2150E333-8FDC-42A3-9474-1A3956D46DE8}") = "Libs", "Libs", "{832A854F-2030-4EA4-86FE-EDEEC017E78E}"
EndProject
Project("{2150E333-8FDC-42A3-9474-1A3956D46DE8}") = "Exes", "Exes", "{3B2AD919-B940-473D-A9CC-62428540DEC5}"
EndProject
Project("{8BC9CEB8-8B4A-11D0-8D11-00A0C91BC942}") = "foundation_nidls_win32", "idlc.foundation_nidls_win32.vcproj", "{B6419E8F-CD70-425E-84E5-914AECF8F1BF}"
EndProject
Project("{8BC9CEB8-8B4A-11D0-8D11-00A0C91BC942}") = "foundation_win32", "idlc.foundation_win32.vcproj", "{B8328592-1328-44CF-A371-99097496B6E8}"
	ProjectSection(ProjectDependencies) = postProject
		{B6419E8F-CD70-425E-84E5-914AECF8F1BF} = {B6419E8F-CD70-425E-84E5-914AECF8F1BF}
	EndProjectSection
EndProject
Project("{8BC9CEB8-8B4A-11D0-8D11-00A0C91BC942}") = "lua_win32", "idlc.lua_win32.vcproj", "{3F54C063-8669-49C4-AE48-7977D7002FC6}"
EndProject
Project("{8BC9CEB8-8B4A-11D0-8D11-00A0C91BC942}") = "tinyxml_win32", "idlc.tinyxml_win32.vcproj", "{393DE89B-4C96-47E0-82D2-5FEDC1BCDDD0}"
EndProject
Project("{8BC9CEB8-8B4A-11D0-8D11-00A0C91BC942}") = "zlib_win32", "idlc.zlib_win32.vcproj", "{93C4D1A5-A400-46CE-91C2-8041937A9323}"
EndProject
Project("{8BC9CEB8-8B4A-11D0-8D11-00A0C91BC942}") = "idlc", "idlc.idlc.vcproj", "{0CD26179-D986-456A-8E4D-022D6152E1F6}"
	ProjectSection(ProjectDependencies) = postProject
		{B8328592-1328-44CF-A371-99097496B6E8} = {B8328592-1328-44CF-A371-99097496B6E8}
		{3F54C063-8669-49C4-AE48-7977D7002FC6} = {3F54C063-8669-49C4-AE48-7977D7002FC6}
		{393DE89B-4C96-47E0-82D2-5FEDC1BCDDD0} = {393DE89B-4C96-47E0-82D2-5FEDC1BCDDD0}
		{93C4D1A5-A400-46CE-91C2-8041937A9323} = {93C4D1A5-A400-46CE-91C2-8041937A9323}
	EndProjectSection
EndProject
Global
	GlobalSection(SolutionConfigurationPlatforms) = preSolution
		Debug|Win32 = Debug|Win32
		Release|Win32 = Release|Win32
	EndGlobalSection
	GlobalSection(ProjectConfigurationPlatforms) = postSolution
		{B6419E8F-CD70-425E-84E5-914AECF8F1BF}.Debug|Win32.ActiveCfg = Debug|Win32
		{B6419E8F-CD70-425E-84E5-914AECF8F1BF}.Debug|Win32.Build.0 = Debug|Win32
		{B6419E8F-CD70-425E-84E5-914AECF8F1BF}.Release|Win32.ActiveCfg = Release|Win32
		{B6419E8F-CD70-425E-84E5-914AECF8F1BF}.Release|Win32.Build.0 = Release|Win32
		{B8328592-1328-44CF-A371-99097496B6E8}.Debug|Win32.ActiveCfg = Debug|Win32
		{B8328592-1328-44CF-A371-99097496B6E8}.Debug|Win32.Build.0 = Debug|Win32
		{B8328592-1328-44CF-A371-99097496B6E8}.Release|Win32.ActiveCfg = Release|Win32
		{B8328592-1328-44CF-A371-99097496B6E8}.Release|Win32.Build.0 = Release|Win32
		{3F54C063-8669-49C4-AE48-7977D7002FC6}.Debug|Win32.ActiveCfg = Debug|Win32
		{3F54C063-8669-49C4-AE48-7977D7002FC6}.Debug|Win32.Build.0 = Debug|Win32
		{3F54C063-8669-49C4-AE48-7977D7002FC6}.Release|Win32.ActiveCfg = Release|Win32
		{3F54C063-8669-49C4-AE48-7977D7002FC6}.Release|Win32.Build.0 = Release|Win32
		{393DE89B-4C96-47E0-82D2-5FEDC1BCDDD0}.Debug|Win32.ActiveCfg = Debug|Win32
		{393DE89B-4C96-47E0-82D2-5FEDC1BCDDD0}.Debug|Win32.Build.0 = Debug|Win32
		{393DE89B-4C96-47E0-82D2-5FEDC1BCDDD0}.Release|Win32.ActiveCfg = Release|Win32
		{393DE89B-4C96-47E0-82D2-5FEDC1BCDDD0}.Release|Win32.Build.0 = Release|Win32
		{93C4D1A5-A400-46CE-91C2-8041937A9323}.Debug|Win32.ActiveCfg = Debug|Win32
		{93C4D1A5-A400-46CE-91C2-8041937A9323}.Debug|Win32.Build.0 = Debug|Win32
		{93C4D1A5-A400-46CE-91C2-8041937A9323}.Release|Win32.ActiveCfg = Release|Win32
		{93C4D1A5-A400-46CE-91C2-8041937A9323}.Release|Win32.Build.0 = Release|Win32
		{0CD26179-D986-456A-8E4D-022D6152E1F6}.Debug|Win32.ActiveCfg = Debug|Win32
		{0CD26179-D986-456A-8E4D-022D6152E1F6}.Debug|Win32.Build.0 = Debug|Win32
		{0CD26179-D986-456A-8E4D-022D6152E1F6}.Release|Win32.ActiveCfg = Release|Win32
		{0CD26179-D986-456A-8E4D-022D6152E1F6}.Release|Win32.Build.0 = Release|Win32
	EndGlobalSection
	GlobalSection(SolutionProperties) = preSolution
		HideSolutionNode = FALSE
	EndGlobalSection
	GlobalSection(NestedProjects) = preSolution
		{B6419E8F-CD70-425E-84E5-914AECF8F1BF} = {798777e9-b38c-4974-bee3-b1cd45f6a1e6}
		{B8328592-1328-44CF-A371-99097496B6E8} = {832A854F-2030-4EA4-86FE-EDEEC017E78E}
		{3F54C063-8669-49C4-AE48-7977D7002FC6} = {832A854F-2030-4EA4-86FE-EDEEC017E78E}
		{393DE89B-4C96-47E0-82D2-5FEDC1BCDDD0} = {832A854F-2030-4EA4-86FE-EDEEC017E78E}
		{93C4D1A5-A400-46CE-91C2-8041937A9323} = {832A854F-2030-4EA4-86FE-EDEEC017E78E}
		{0CD26179-D986-456A-8E4D-022D6152E1F6} = {3B2AD919-B940-473D-A9CC-62428540DEC5}
	EndGlobalSection
EndGlobal
