Microsoft Visual Studio Solution File, Format Version 9.00
# Visual Studio 2005
Project("{2150E333-8FDC-42A3-9474-1A3956D46DE8}") = "Libs", "Libs", "{832A854F-2030-4EA4-86FE-EDEEC017E78E}"
EndProject
Project("{8BC9CEB8-8B4A-11D0-8D11-00A0C91BC942}") = "lua_win32", "extlibs_win32.lua_win32.vcproj", "{3F54C063-8669-49C4-AE48-7977D7002FC6}"
EndProject
Project("{8BC9CEB8-8B4A-11D0-8D11-00A0C91BC942}") = "tinyxml_win32", "extlibs_win32.tinyxml_win32.vcproj", "{393DE89B-4C96-47E0-82D2-5FEDC1BCDDD0}"
EndProject
Project("{8BC9CEB8-8B4A-11D0-8D11-00A0C91BC942}") = "zlib_win32", "extlibs_win32.zlib_win32.vcproj", "{93C4D1A5-A400-46CE-91C2-8041937A9323}"
EndProject
Project("{8BC9CEB8-8B4A-11D0-8D11-00A0C91BC942}") = "sqlite_win32", "extlibs_win32.sqlite_win32.vcproj", "{233CD74E-3921-4E95-830B-0D9CEB8DB5B3}"
EndProject
Project("{8BC9CEB8-8B4A-11D0-8D11-00A0C91BC942}") = "ode_win32", "extlibs_win32.ode_win32.vcproj", "{6507CB4A-25EC-461A-89A8-5C8A4B356730}"
EndProject
Project("{8BC9CEB8-8B4A-11D0-8D11-00A0C91BC942}") = "opcode_win32", "extlibs_win32.opcode_win32.vcproj", "{0F55F84D-9A3F-4B94-989E-CF8A8D37F778}"
EndProject
Project("{8BC9CEB8-8B4A-11D0-8D11-00A0C91BC942}") = "gimpact_win32", "extlibs_win32.gimpact_win32.vcproj", "{44735626-8651-4661-A6CE-F7537DD747FB}"
EndProject
Global
	GlobalSection(SolutionConfigurationPlatforms) = preSolution
		Debug|Win32 = Debug|Win32
		Release|Win32 = Release|Win32
	EndGlobalSection
	GlobalSection(ProjectConfigurationPlatforms) = postSolution
		{3F54C063-8669-49C4-AE48-7977D7002FC6}.Debug|Win32.ActiveCfg = Debug|Win32
		{3F54C063-8669-49C4-AE48-7977D7002FC6}.Debug|Win32.Build.0 = Debug|Win32
		{3F54C063-8669-49C4-AE48-7977D7002FC6}.Release|Win32.ActiveCfg = Release|Win32
		{3F54C063-8669-49C4-AE48-7977D7002FC6}.Release|Win32.Build.0 = Release|Win32
		{393DE89B-4C96-47E0-82D2-5FEDC1BCDDD0}.Debug|Win32.ActiveCfg = Debug|Win32
		{393DE89B-4C96-47E0-82D2-5FEDC1BCDDD0}.Debug|Win32.Build.0 = Debug|Win32
		{393DE89B-4C96-47E0-82D2-5FEDC1BCDDD0}.Release|Win32.ActiveCfg = Release|Win32
		{393DE89B-4C96-47E0-82D2-5FEDC1BCDDD0}.Release|Win32.Build.0 = Release|Win32
		{93C4D1A5-A400-46CE-91C2-8041937A9323}.Debug|Win32.ActiveCfg = Debug|Win32
		{93C4D1A5-A400-46CE-91C2-8041937A9323}.Debug|Win32.Build.0 = Debug|Win32
		{93C4D1A5-A400-46CE-91C2-8041937A9323}.Release|Win32.ActiveCfg = Release|Win32
		{93C4D1A5-A400-46CE-91C2-8041937A9323}.Release|Win32.Build.0 = Release|Win32
		{233CD74E-3921-4E95-830B-0D9CEB8DB5B3}.Debug|Win32.ActiveCfg = Debug|Win32
		{233CD74E-3921-4E95-830B-0D9CEB8DB5B3}.Debug|Win32.Build.0 = Debug|Win32
		{233CD74E-3921-4E95-830B-0D9CEB8DB5B3}.Release|Win32.ActiveCfg = Release|Win32
		{233CD74E-3921-4E95-830B-0D9CEB8DB5B3}.Release|Win32.Build.0 = Release|Win32
		{6507CB4A-25EC-461A-89A8-5C8A4B356730}.Debug|Win32.ActiveCfg = Debug|Win32
		{6507CB4A-25EC-461A-89A8-5C8A4B356730}.Debug|Win32.Build.0 = Debug|Win32
		{6507CB4A-25EC-461A-89A8-5C8A4B356730}.Release|Win32.ActiveCfg = Release|Win32
		{6507CB4A-25EC-461A-89A8-5C8A4B356730}.Release|Win32.Build.0 = Release|Win32
		{0F55F84D-9A3F-4B94-989E-CF8A8D37F778}.Debug|Win32.ActiveCfg = Debug|Win32
		{0F55F84D-9A3F-4B94-989E-CF8A8D37F778}.Debug|Win32.Build.0 = Debug|Win32
		{0F55F84D-9A3F-4B94-989E-CF8A8D37F778}.Release|Win32.ActiveCfg = Release|Win32
		{0F55F84D-9A3F-4B94-989E-CF8A8D37F778}.Release|Win32.Build.0 = Release|Win32
		{44735626-8651-4661-A6CE-F7537DD747FB}.Debug|Win32.ActiveCfg = Debug|Win32
		{44735626-8651-4661-A6CE-F7537DD747FB}.Debug|Win32.Build.0 = Debug|Win32
		{44735626-8651-4661-A6CE-F7537DD747FB}.Release|Win32.ActiveCfg = Release|Win32
		{44735626-8651-4661-A6CE-F7537DD747FB}.Release|Win32.Build.0 = Release|Win32
	EndGlobalSection
	GlobalSection(SolutionProperties) = preSolution
		HideSolutionNode = FALSE
	EndGlobalSection
	GlobalSection(NestedProjects) = preSolution
		{3F54C063-8669-49C4-AE48-7977D7002FC6} = {832A854F-2030-4EA4-86FE-EDEEC017E78E}
		{393DE89B-4C96-47E0-82D2-5FEDC1BCDDD0} = {832A854F-2030-4EA4-86FE-EDEEC017E78E}
		{93C4D1A5-A400-46CE-91C2-8041937A9323} = {832A854F-2030-4EA4-86FE-EDEEC017E78E}
		{233CD74E-3921-4E95-830B-0D9CEB8DB5B3} = {832A854F-2030-4EA4-86FE-EDEEC017E78E}
		{6507CB4A-25EC-461A-89A8-5C8A4B356730} = {832A854F-2030-4EA4-86FE-EDEEC017E78E}
		{0F55F84D-9A3F-4B94-989E-CF8A8D37F778} = {832A854F-2030-4EA4-86FE-EDEEC017E78E}
		{44735626-8651-4661-A6CE-F7537DD747FB} = {832A854F-2030-4EA4-86FE-EDEEC017E78E}
	EndGlobalSection
EndGlobal
