Microsoft Visual Studio Solution File, Format Version 9.00
# Visual Studio 2005
Project("{2150E333-8FDC-42A3-9474-1A3956D46DE8}") = "NIDLs", "NIDLs", "{798777e9-b38c-4974-bee3-b1cd45f6a1e6}"
EndProject
Project("{2150E333-8FDC-42A3-9474-1A3956D46DE8}") = "Libs", "Libs", "{832A854F-2030-4EA4-86FE-EDEEC017E78E}"
EndProject
Project("{2150E333-8FDC-42A3-9474-1A3956D46DE8}") = "Exes", "Exes", "{3B2AD919-B940-473D-A9CC-62428540DEC5}"
EndProject
Project("{8BC9CEB8-8B4A-11D0-8D11-00A0C91BC942}") = "foundation_nidls_win32", "tools_win32.foundation_nidls_win32.vcproj", "{B6419E8F-CD70-425E-84E5-914AECF8F1BF}"
EndProject
Project("{8BC9CEB8-8B4A-11D0-8D11-00A0C91BC942}") = "render_nidls_win32", "tools_win32.render_nidls_win32.vcproj", "{6376E131-2246-4C5B-A13C-B4D4747172E6}"
EndProject
Project("{8BC9CEB8-8B4A-11D0-8D11-00A0C91BC942}") = "application_nidls_win32", "tools_win32.application_nidls_win32.vcproj", "{B51E2FB4-9720-4FC9-9395-3C8EA41FB7BC}"
EndProject
Project("{8BC9CEB8-8B4A-11D0-8D11-00A0C91BC942}") = "network_nidls_win32", "tools_win32.network_nidls_win32.vcproj", "{5E3B2F28-006C-4422-8A07-FD0C08DDA155}"
EndProject
Project("{8BC9CEB8-8B4A-11D0-8D11-00A0C91BC942}") = "foundation_win32", "tools_win32.foundation_win32.vcproj", "{B8328592-1328-44CF-A371-99097496B6E8}"
	ProjectSection(ProjectDependencies) = postProject
		{B6419E8F-CD70-425E-84E5-914AECF8F1BF} = {B6419E8F-CD70-425E-84E5-914AECF8F1BF}
	EndProjectSection
EndProject
Project("{8BC9CEB8-8B4A-11D0-8D11-00A0C91BC942}") = "render_win32", "tools_win32.render_win32.vcproj", "{1DA6F730-9737-4983-A07A-A2C1268731A7}"
	ProjectSection(ProjectDependencies) = postProject
		{6376E131-2246-4C5B-A13C-B4D4747172E6} = {6376E131-2246-4C5B-A13C-B4D4747172E6}
	EndProjectSection
EndProject
Project("{8BC9CEB8-8B4A-11D0-8D11-00A0C91BC942}") = "application_win32", "tools_win32.application_win32.vcproj", "{8AEC1F65-53D4-44AE-9098-9E68301BE0B4}"
	ProjectSection(ProjectDependencies) = postProject
		{B51E2FB4-9720-4FC9-9395-3C8EA41FB7BC} = {B51E2FB4-9720-4FC9-9395-3C8EA41FB7BC}
	EndProjectSection
EndProject
Project("{8BC9CEB8-8B4A-11D0-8D11-00A0C91BC942}") = "lua_win32", "tools_win32.lua_win32.vcproj", "{3F54C063-8669-49C4-AE48-7977D7002FC6}"
EndProject
Project("{8BC9CEB8-8B4A-11D0-8D11-00A0C91BC942}") = "tinyxml_win32", "tools_win32.tinyxml_win32.vcproj", "{393DE89B-4C96-47E0-82D2-5FEDC1BCDDD0}"
EndProject
Project("{8BC9CEB8-8B4A-11D0-8D11-00A0C91BC942}") = "zlib_win32", "tools_win32.zlib_win32.vcproj", "{93C4D1A5-A400-46CE-91C2-8041937A9323}"
EndProject
Project("{8BC9CEB8-8B4A-11D0-8D11-00A0C91BC942}") = "nebula2_win32", "tools_win32.nebula2_win32.vcproj", "{1826AEF8-FD3F-42FB-B9C9-D2F92D624B82}"
EndProject
Project("{8BC9CEB8-8B4A-11D0-8D11-00A0C91BC942}") = "db_win32", "tools_win32.db_win32.vcproj", "{87971EEC-A597-4403-9BC7-811521F7716F}"
EndProject
Project("{8BC9CEB8-8B4A-11D0-8D11-00A0C91BC942}") = "sqlite_win32", "tools_win32.sqlite_win32.vcproj", "{233CD74E-3921-4E95-830B-0D9CEB8DB5B3}"
EndProject
Project("{8BC9CEB8-8B4A-11D0-8D11-00A0C91BC942}") = "physics_win32", "tools_win32.physics_win32.vcproj", "{84AD9BE3-26BD-4B46-AB9C-F2AF194C577A}"
EndProject
Project("{8BC9CEB8-8B4A-11D0-8D11-00A0C91BC942}") = "ode_win32", "tools_win32.ode_win32.vcproj", "{6507CB4A-25EC-461A-89A8-5C8A4B356730}"
EndProject
Project("{8BC9CEB8-8B4A-11D0-8D11-00A0C91BC942}") = "opcode_win32", "tools_win32.opcode_win32.vcproj", "{0F55F84D-9A3F-4B94-989E-CF8A8D37F778}"
EndProject
Project("{8BC9CEB8-8B4A-11D0-8D11-00A0C91BC942}") = "gimpact_win32", "tools_win32.gimpact_win32.vcproj", "{44735626-8651-4661-A6CE-F7537DD747FB}"
EndProject
Project("{8BC9CEB8-8B4A-11D0-8D11-00A0C91BC942}") = "network_win32", "tools_win32.network_win32.vcproj", "{D940E2FF-1FB4-47A0-B945-E1F6450CDFA7}"
	ProjectSection(ProjectDependencies) = postProject
		{5E3B2F28-006C-4422-8A07-FD0C08DDA155} = {5E3B2F28-006C-4422-8A07-FD0C08DDA155}
	EndProjectSection
EndProject
Project("{8BC9CEB8-8B4A-11D0-8D11-00A0C91BC942}") = "testserver", "tools_win32.testserver.vcproj", "{0EE68CCA-6CE0-45DA-90EE-0EE4E187E2BD}"
	ProjectSection(ProjectDependencies) = postProject
		{B8328592-1328-44CF-A371-99097496B6E8} = {B8328592-1328-44CF-A371-99097496B6E8}
		{3F54C063-8669-49C4-AE48-7977D7002FC6} = {3F54C063-8669-49C4-AE48-7977D7002FC6}
		{93C4D1A5-A400-46CE-91C2-8041937A9323} = {93C4D1A5-A400-46CE-91C2-8041937A9323}
		{393DE89B-4C96-47E0-82D2-5FEDC1BCDDD0} = {393DE89B-4C96-47E0-82D2-5FEDC1BCDDD0}
	EndProjectSection
EndProject
Project("{8BC9CEB8-8B4A-11D0-8D11-00A0C91BC942}") = "testclient", "tools_win32.testclient.vcproj", "{B54EA283-6DF7-4414-8F25-EECEDDBB71DA}"
	ProjectSection(ProjectDependencies) = postProject
		{B8328592-1328-44CF-A371-99097496B6E8} = {B8328592-1328-44CF-A371-99097496B6E8}
		{3F54C063-8669-49C4-AE48-7977D7002FC6} = {3F54C063-8669-49C4-AE48-7977D7002FC6}
		{93C4D1A5-A400-46CE-91C2-8041937A9323} = {93C4D1A5-A400-46CE-91C2-8041937A9323}
		{393DE89B-4C96-47E0-82D2-5FEDC1BCDDD0} = {393DE89B-4C96-47E0-82D2-5FEDC1BCDDD0}
	EndProjectSection
EndProject
Project("{8BC9CEB8-8B4A-11D0-8D11-00A0C91BC942}") = "nsh3", "tools_win32.nsh3.vcproj", "{2CFD5FC2-2508-4AA1-926A-8655D7776D2D}"
	ProjectSection(ProjectDependencies) = postProject
		{B8328592-1328-44CF-A371-99097496B6E8} = {B8328592-1328-44CF-A371-99097496B6E8}
		{3F54C063-8669-49C4-AE48-7977D7002FC6} = {3F54C063-8669-49C4-AE48-7977D7002FC6}
		{93C4D1A5-A400-46CE-91C2-8041937A9323} = {93C4D1A5-A400-46CE-91C2-8041937A9323}
		{393DE89B-4C96-47E0-82D2-5FEDC1BCDDD0} = {393DE89B-4C96-47E0-82D2-5FEDC1BCDDD0}
	EndProjectSection
EndProject
Project("{8BC9CEB8-8B4A-11D0-8D11-00A0C91BC942}") = "nsc3", "tools_win32.nsc3.vcproj", "{857F0847-D549-4EAB-BBE3-FEB072983051}"
	ProjectSection(ProjectDependencies) = postProject
		{B8328592-1328-44CF-A371-99097496B6E8} = {B8328592-1328-44CF-A371-99097496B6E8}
		{3F54C063-8669-49C4-AE48-7977D7002FC6} = {3F54C063-8669-49C4-AE48-7977D7002FC6}
		{93C4D1A5-A400-46CE-91C2-8041937A9323} = {93C4D1A5-A400-46CE-91C2-8041937A9323}
		{393DE89B-4C96-47E0-82D2-5FEDC1BCDDD0} = {393DE89B-4C96-47E0-82D2-5FEDC1BCDDD0}
	EndProjectSection
EndProject
Project("{8BC9CEB8-8B4A-11D0-8D11-00A0C91BC942}") = "nviewer3", "tools_win32.nviewer3.vcproj", "{9D770F0F-8C40-46C7-BF9F-F210B8EFA4E8}"
	ProjectSection(ProjectDependencies) = postProject
		{B8328592-1328-44CF-A371-99097496B6E8} = {B8328592-1328-44CF-A371-99097496B6E8}
		{1DA6F730-9737-4983-A07A-A2C1268731A7} = {1DA6F730-9737-4983-A07A-A2C1268731A7}
		{3F54C063-8669-49C4-AE48-7977D7002FC6} = {3F54C063-8669-49C4-AE48-7977D7002FC6}
		{93C4D1A5-A400-46CE-91C2-8041937A9323} = {93C4D1A5-A400-46CE-91C2-8041937A9323}
		{393DE89B-4C96-47E0-82D2-5FEDC1BCDDD0} = {393DE89B-4C96-47E0-82D2-5FEDC1BCDDD0}
		{1826AEF8-FD3F-42FB-B9C9-D2F92D624B82} = {1826AEF8-FD3F-42FB-B9C9-D2F92D624B82}
	EndProjectSection
EndProject
Project("{8BC9CEB8-8B4A-11D0-8D11-00A0C91BC942}") = "testviewer", "tools_win32.testviewer.vcproj", "{338A4B59-A89B-44A2-A7D7-A689052F8D12}"
	ProjectSection(ProjectDependencies) = postProject
		{B8328592-1328-44CF-A371-99097496B6E8} = {B8328592-1328-44CF-A371-99097496B6E8}
		{1DA6F730-9737-4983-A07A-A2C1268731A7} = {1DA6F730-9737-4983-A07A-A2C1268731A7}
		{3F54C063-8669-49C4-AE48-7977D7002FC6} = {3F54C063-8669-49C4-AE48-7977D7002FC6}
		{93C4D1A5-A400-46CE-91C2-8041937A9323} = {93C4D1A5-A400-46CE-91C2-8041937A9323}
		{393DE89B-4C96-47E0-82D2-5FEDC1BCDDD0} = {393DE89B-4C96-47E0-82D2-5FEDC1BCDDD0}
		{1826AEF8-FD3F-42FB-B9C9-D2F92D624B82} = {1826AEF8-FD3F-42FB-B9C9-D2F92D624B82}
	EndProjectSection
EndProject
Project("{8BC9CEB8-8B4A-11D0-8D11-00A0C91BC942}") = "testremoteviewer", "tools_win32.testremoteviewer.vcproj", "{F44B5AB8-389B-43FB-8A5D-F59DCA051AE9}"
	ProjectSection(ProjectDependencies) = postProject
		{B8328592-1328-44CF-A371-99097496B6E8} = {B8328592-1328-44CF-A371-99097496B6E8}
		{1DA6F730-9737-4983-A07A-A2C1268731A7} = {1DA6F730-9737-4983-A07A-A2C1268731A7}
		{1826AEF8-FD3F-42FB-B9C9-D2F92D624B82} = {1826AEF8-FD3F-42FB-B9C9-D2F92D624B82}
		{87971EEC-A597-4403-9BC7-811521F7716F} = {87971EEC-A597-4403-9BC7-811521F7716F}
		{233CD74E-3921-4E95-830B-0D9CEB8DB5B3} = {233CD74E-3921-4E95-830B-0D9CEB8DB5B3}
		{3F54C063-8669-49C4-AE48-7977D7002FC6} = {3F54C063-8669-49C4-AE48-7977D7002FC6}
		{93C4D1A5-A400-46CE-91C2-8041937A9323} = {93C4D1A5-A400-46CE-91C2-8041937A9323}
		{393DE89B-4C96-47E0-82D2-5FEDC1BCDDD0} = {393DE89B-4C96-47E0-82D2-5FEDC1BCDDD0}
		{1826AEF8-FD3F-42FB-B9C9-D2F92D624B82} = {1826AEF8-FD3F-42FB-B9C9-D2F92D624B82}
	EndProjectSection
EndProject
Project("{8BC9CEB8-8B4A-11D0-8D11-00A0C91BC942}") = "testgame", "tools_win32.testgame.vcproj", "{14DB7FA6-4115-4A03-A8DF-3BD9A6CE929A}"
	ProjectSection(ProjectDependencies) = postProject
		{B8328592-1328-44CF-A371-99097496B6E8} = {B8328592-1328-44CF-A371-99097496B6E8}
		{1DA6F730-9737-4983-A07A-A2C1268731A7} = {1DA6F730-9737-4983-A07A-A2C1268731A7}
		{8AEC1F65-53D4-44AE-9098-9E68301BE0B4} = {8AEC1F65-53D4-44AE-9098-9E68301BE0B4}
		{84AD9BE3-26BD-4B46-AB9C-F2AF194C577A} = {84AD9BE3-26BD-4B46-AB9C-F2AF194C577A}
		{6507CB4A-25EC-461A-89A8-5C8A4B356730} = {6507CB4A-25EC-461A-89A8-5C8A4B356730}
		{0F55F84D-9A3F-4B94-989E-CF8A8D37F778} = {0F55F84D-9A3F-4B94-989E-CF8A8D37F778}
		{44735626-8651-4661-A6CE-F7537DD747FB} = {44735626-8651-4661-A6CE-F7537DD747FB}
		{87971EEC-A597-4403-9BC7-811521F7716F} = {87971EEC-A597-4403-9BC7-811521F7716F}
		{233CD74E-3921-4E95-830B-0D9CEB8DB5B3} = {233CD74E-3921-4E95-830B-0D9CEB8DB5B3}
		{1826AEF8-FD3F-42FB-B9C9-D2F92D624B82} = {1826AEF8-FD3F-42FB-B9C9-D2F92D624B82}
		{3F54C063-8669-49C4-AE48-7977D7002FC6} = {3F54C063-8669-49C4-AE48-7977D7002FC6}
		{93C4D1A5-A400-46CE-91C2-8041937A9323} = {93C4D1A5-A400-46CE-91C2-8041937A9323}
		{393DE89B-4C96-47E0-82D2-5FEDC1BCDDD0} = {393DE89B-4C96-47E0-82D2-5FEDC1BCDDD0}
	EndProjectSection
EndProject
Project("{8BC9CEB8-8B4A-11D0-8D11-00A0C91BC942}") = "genrandtable", "tools_win32.genrandtable.vcproj", "{C5BD7817-B5A8-4CF8-B27D-5AED78BDB99B}"
	ProjectSection(ProjectDependencies) = postProject
		{B8328592-1328-44CF-A371-99097496B6E8} = {B8328592-1328-44CF-A371-99097496B6E8}
		{3F54C063-8669-49C4-AE48-7977D7002FC6} = {3F54C063-8669-49C4-AE48-7977D7002FC6}
		{93C4D1A5-A400-46CE-91C2-8041937A9323} = {93C4D1A5-A400-46CE-91C2-8041937A9323}
		{393DE89B-4C96-47E0-82D2-5FEDC1BCDDD0} = {393DE89B-4C96-47E0-82D2-5FEDC1BCDDD0}
	EndProjectSection
EndProject
Project("{8BC9CEB8-8B4A-11D0-8D11-00A0C91BC942}") = "testnetwork", "tools_win32.testnetwork.vcproj", "{E2751D94-FCF6-4518-BD3F-76AFAC156013}"
	ProjectSection(ProjectDependencies) = postProject
		{B8328592-1328-44CF-A371-99097496B6E8} = {B8328592-1328-44CF-A371-99097496B6E8}
		{1DA6F730-9737-4983-A07A-A2C1268731A7} = {1DA6F730-9737-4983-A07A-A2C1268731A7}
		{8AEC1F65-53D4-44AE-9098-9E68301BE0B4} = {8AEC1F65-53D4-44AE-9098-9E68301BE0B4}
		{84AD9BE3-26BD-4B46-AB9C-F2AF194C577A} = {84AD9BE3-26BD-4B46-AB9C-F2AF194C577A}
		{6507CB4A-25EC-461A-89A8-5C8A4B356730} = {6507CB4A-25EC-461A-89A8-5C8A4B356730}
		{0F55F84D-9A3F-4B94-989E-CF8A8D37F778} = {0F55F84D-9A3F-4B94-989E-CF8A8D37F778}
		{44735626-8651-4661-A6CE-F7537DD747FB} = {44735626-8651-4661-A6CE-F7537DD747FB}
		{87971EEC-A597-4403-9BC7-811521F7716F} = {87971EEC-A597-4403-9BC7-811521F7716F}
		{233CD74E-3921-4E95-830B-0D9CEB8DB5B3} = {233CD74E-3921-4E95-830B-0D9CEB8DB5B3}
		{1826AEF8-FD3F-42FB-B9C9-D2F92D624B82} = {1826AEF8-FD3F-42FB-B9C9-D2F92D624B82}
		{D940E2FF-1FB4-47A0-B945-E1F6450CDFA7} = {D940E2FF-1FB4-47A0-B945-E1F6450CDFA7}
		{3F54C063-8669-49C4-AE48-7977D7002FC6} = {3F54C063-8669-49C4-AE48-7977D7002FC6}
		{93C4D1A5-A400-46CE-91C2-8041937A9323} = {93C4D1A5-A400-46CE-91C2-8041937A9323}
		{393DE89B-4C96-47E0-82D2-5FEDC1BCDDD0} = {393DE89B-4C96-47E0-82D2-5FEDC1BCDDD0}
	EndProjectSection
EndProject
Global
	GlobalSection(SolutionConfigurationPlatforms) = preSolution
		Debug|Win32 = Debug|Win32
		Release|Win32 = Release|Win32
	EndGlobalSection
	GlobalSection(ProjectConfigurationPlatforms) = postSolution
		{B6419E8F-CD70-425E-84E5-914AECF8F1BF}.Debug|Win32.ActiveCfg = Debug|Win32
		{B6419E8F-CD70-425E-84E5-914AECF8F1BF}.Debug|Win32.Build.0 = Debug|Win32
		{B6419E8F-CD70-425E-84E5-914AECF8F1BF}.Release|Win32.ActiveCfg = Release|Win32
		{B6419E8F-CD70-425E-84E5-914AECF8F1BF}.Release|Win32.Build.0 = Release|Win32
		{6376E131-2246-4C5B-A13C-B4D4747172E6}.Debug|Win32.ActiveCfg = Debug|Win32
		{6376E131-2246-4C5B-A13C-B4D4747172E6}.Debug|Win32.Build.0 = Debug|Win32
		{6376E131-2246-4C5B-A13C-B4D4747172E6}.Release|Win32.ActiveCfg = Release|Win32
		{6376E131-2246-4C5B-A13C-B4D4747172E6}.Release|Win32.Build.0 = Release|Win32
		{B51E2FB4-9720-4FC9-9395-3C8EA41FB7BC}.Debug|Win32.ActiveCfg = Debug|Win32
		{B51E2FB4-9720-4FC9-9395-3C8EA41FB7BC}.Debug|Win32.Build.0 = Debug|Win32
		{B51E2FB4-9720-4FC9-9395-3C8EA41FB7BC}.Release|Win32.ActiveCfg = Release|Win32
		{B51E2FB4-9720-4FC9-9395-3C8EA41FB7BC}.Release|Win32.Build.0 = Release|Win32
		{5E3B2F28-006C-4422-8A07-FD0C08DDA155}.Debug|Win32.ActiveCfg = Debug|Win32
		{5E3B2F28-006C-4422-8A07-FD0C08DDA155}.Debug|Win32.Build.0 = Debug|Win32
		{5E3B2F28-006C-4422-8A07-FD0C08DDA155}.Release|Win32.ActiveCfg = Release|Win32
		{5E3B2F28-006C-4422-8A07-FD0C08DDA155}.Release|Win32.Build.0 = Release|Win32
		{B8328592-1328-44CF-A371-99097496B6E8}.Debug|Win32.ActiveCfg = Debug|Win32
		{B8328592-1328-44CF-A371-99097496B6E8}.Debug|Win32.Build.0 = Debug|Win32
		{B8328592-1328-44CF-A371-99097496B6E8}.Release|Win32.ActiveCfg = Release|Win32
		{B8328592-1328-44CF-A371-99097496B6E8}.Release|Win32.Build.0 = Release|Win32
		{1DA6F730-9737-4983-A07A-A2C1268731A7}.Debug|Win32.ActiveCfg = Debug|Win32
		{1DA6F730-9737-4983-A07A-A2C1268731A7}.Debug|Win32.Build.0 = Debug|Win32
		{1DA6F730-9737-4983-A07A-A2C1268731A7}.Release|Win32.ActiveCfg = Release|Win32
		{1DA6F730-9737-4983-A07A-A2C1268731A7}.Release|Win32.Build.0 = Release|Win32
		{8AEC1F65-53D4-44AE-9098-9E68301BE0B4}.Debug|Win32.ActiveCfg = Debug|Win32
		{8AEC1F65-53D4-44AE-9098-9E68301BE0B4}.Debug|Win32.Build.0 = Debug|Win32
		{8AEC1F65-53D4-44AE-9098-9E68301BE0B4}.Release|Win32.ActiveCfg = Release|Win32
		{8AEC1F65-53D4-44AE-9098-9E68301BE0B4}.Release|Win32.Build.0 = Release|Win32
		{3F54C063-8669-49C4-AE48-7977D7002FC6}.Debug|Win32.ActiveCfg = Debug|Win32
		{3F54C063-8669-49C4-AE48-7977D7002FC6}.Debug|Win32.Build.0 = Debug|Win32
		{3F54C063-8669-49C4-AE48-7977D7002FC6}.Release|Win32.ActiveCfg = Release|Win32
		{3F54C063-8669-49C4-AE48-7977D7002FC6}.Release|Win32.Build.0 = Release|Win32
		{393DE89B-4C96-47E0-82D2-5FEDC1BCDDD0}.Debug|Win32.ActiveCfg = Debug|Win32
		{393DE89B-4C96-47E0-82D2-5FEDC1BCDDD0}.Debug|Win32.Build.0 = Debug|Win32
		{393DE89B-4C96-47E0-82D2-5FEDC1BCDDD0}.Release|Win32.ActiveCfg = Release|Win32
		{393DE89B-4C96-47E0-82D2-5FEDC1BCDDD0}.Release|Win32.Build.0 = Release|Win32
		{93C4D1A5-A400-46CE-91C2-8041937A9323}.Debug|Win32.ActiveCfg = Debug|Win32
		{93C4D1A5-A400-46CE-91C2-8041937A9323}.Debug|Win32.Build.0 = Debug|Win32
		{93C4D1A5-A400-46CE-91C2-8041937A9323}.Release|Win32.ActiveCfg = Release|Win32
		{93C4D1A5-A400-46CE-91C2-8041937A9323}.Release|Win32.Build.0 = Release|Win32
		{1826AEF8-FD3F-42FB-B9C9-D2F92D624B82}.Debug|Win32.ActiveCfg = Debug|Win32
		{1826AEF8-FD3F-42FB-B9C9-D2F92D624B82}.Debug|Win32.Build.0 = Debug|Win32
		{1826AEF8-FD3F-42FB-B9C9-D2F92D624B82}.Release|Win32.ActiveCfg = Release|Win32
		{1826AEF8-FD3F-42FB-B9C9-D2F92D624B82}.Release|Win32.Build.0 = Release|Win32
		{87971EEC-A597-4403-9BC7-811521F7716F}.Debug|Win32.ActiveCfg = Debug|Win32
		{87971EEC-A597-4403-9BC7-811521F7716F}.Debug|Win32.Build.0 = Debug|Win32
		{87971EEC-A597-4403-9BC7-811521F7716F}.Release|Win32.ActiveCfg = Release|Win32
		{87971EEC-A597-4403-9BC7-811521F7716F}.Release|Win32.Build.0 = Release|Win32
		{233CD74E-3921-4E95-830B-0D9CEB8DB5B3}.Debug|Win32.ActiveCfg = Debug|Win32
		{233CD74E-3921-4E95-830B-0D9CEB8DB5B3}.Debug|Win32.Build.0 = Debug|Win32
		{233CD74E-3921-4E95-830B-0D9CEB8DB5B3}.Release|Win32.ActiveCfg = Release|Win32
		{233CD74E-3921-4E95-830B-0D9CEB8DB5B3}.Release|Win32.Build.0 = Release|Win32
		{84AD9BE3-26BD-4B46-AB9C-F2AF194C577A}.Debug|Win32.ActiveCfg = Debug|Win32
		{84AD9BE3-26BD-4B46-AB9C-F2AF194C577A}.Debug|Win32.Build.0 = Debug|Win32
		{84AD9BE3-26BD-4B46-AB9C-F2AF194C577A}.Release|Win32.ActiveCfg = Release|Win32
		{84AD9BE3-26BD-4B46-AB9C-F2AF194C577A}.Release|Win32.Build.0 = Release|Win32
		{6507CB4A-25EC-461A-89A8-5C8A4B356730}.Debug|Win32.ActiveCfg = Debug|Win32
		{6507CB4A-25EC-461A-89A8-5C8A4B356730}.Debug|Win32.Build.0 = Debug|Win32
		{6507CB4A-25EC-461A-89A8-5C8A4B356730}.Release|Win32.ActiveCfg = Release|Win32
		{6507CB4A-25EC-461A-89A8-5C8A4B356730}.Release|Win32.Build.0 = Release|Win32
		{0F55F84D-9A3F-4B94-989E-CF8A8D37F778}.Debug|Win32.ActiveCfg = Debug|Win32
		{0F55F84D-9A3F-4B94-989E-CF8A8D37F778}.Debug|Win32.Build.0 = Debug|Win32
		{0F55F84D-9A3F-4B94-989E-CF8A8D37F778}.Release|Win32.ActiveCfg = Release|Win32
		{0F55F84D-9A3F-4B94-989E-CF8A8D37F778}.Release|Win32.Build.0 = Release|Win32
		{44735626-8651-4661-A6CE-F7537DD747FB}.Debug|Win32.ActiveCfg = Debug|Win32
		{44735626-8651-4661-A6CE-F7537DD747FB}.Debug|Win32.Build.0 = Debug|Win32
		{44735626-8651-4661-A6CE-F7537DD747FB}.Release|Win32.ActiveCfg = Release|Win32
		{44735626-8651-4661-A6CE-F7537DD747FB}.Release|Win32.Build.0 = Release|Win32
		{D940E2FF-1FB4-47A0-B945-E1F6450CDFA7}.Debug|Win32.ActiveCfg = Debug|Win32
		{D940E2FF-1FB4-47A0-B945-E1F6450CDFA7}.Debug|Win32.Build.0 = Debug|Win32
		{D940E2FF-1FB4-47A0-B945-E1F6450CDFA7}.Release|Win32.ActiveCfg = Release|Win32
		{D940E2FF-1FB4-47A0-B945-E1F6450CDFA7}.Release|Win32.Build.0 = Release|Win32
		{0EE68CCA-6CE0-45DA-90EE-0EE4E187E2BD}.Debug|Win32.ActiveCfg = Debug|Win32
		{0EE68CCA-6CE0-45DA-90EE-0EE4E187E2BD}.Debug|Win32.Build.0 = Debug|Win32
		{0EE68CCA-6CE0-45DA-90EE-0EE4E187E2BD}.Release|Win32.ActiveCfg = Release|Win32
		{0EE68CCA-6CE0-45DA-90EE-0EE4E187E2BD}.Release|Win32.Build.0 = Release|Win32
		{B54EA283-6DF7-4414-8F25-EECEDDBB71DA}.Debug|Win32.ActiveCfg = Debug|Win32
		{B54EA283-6DF7-4414-8F25-EECEDDBB71DA}.Debug|Win32.Build.0 = Debug|Win32
		{B54EA283-6DF7-4414-8F25-EECEDDBB71DA}.Release|Win32.ActiveCfg = Release|Win32
		{B54EA283-6DF7-4414-8F25-EECEDDBB71DA}.Release|Win32.Build.0 = Release|Win32
		{2CFD5FC2-2508-4AA1-926A-8655D7776D2D}.Debug|Win32.ActiveCfg = Debug|Win32
		{2CFD5FC2-2508-4AA1-926A-8655D7776D2D}.Debug|Win32.Build.0 = Debug|Win32
		{2CFD5FC2-2508-4AA1-926A-8655D7776D2D}.Release|Win32.ActiveCfg = Release|Win32
		{2CFD5FC2-2508-4AA1-926A-8655D7776D2D}.Release|Win32.Build.0 = Release|Win32
		{857F0847-D549-4EAB-BBE3-FEB072983051}.Debug|Win32.ActiveCfg = Debug|Win32
		{857F0847-D549-4EAB-BBE3-FEB072983051}.Debug|Win32.Build.0 = Debug|Win32
		{857F0847-D549-4EAB-BBE3-FEB072983051}.Release|Win32.ActiveCfg = Release|Win32
		{857F0847-D549-4EAB-BBE3-FEB072983051}.Release|Win32.Build.0 = Release|Win32
		{9D770F0F-8C40-46C7-BF9F-F210B8EFA4E8}.Debug|Win32.ActiveCfg = Debug|Win32
		{9D770F0F-8C40-46C7-BF9F-F210B8EFA4E8}.Debug|Win32.Build.0 = Debug|Win32
		{9D770F0F-8C40-46C7-BF9F-F210B8EFA4E8}.Release|Win32.ActiveCfg = Release|Win32
		{9D770F0F-8C40-46C7-BF9F-F210B8EFA4E8}.Release|Win32.Build.0 = Release|Win32
		{338A4B59-A89B-44A2-A7D7-A689052F8D12}.Debug|Win32.ActiveCfg = Debug|Win32
		{338A4B59-A89B-44A2-A7D7-A689052F8D12}.Debug|Win32.Build.0 = Debug|Win32
		{338A4B59-A89B-44A2-A7D7-A689052F8D12}.Release|Win32.ActiveCfg = Release|Win32
		{338A4B59-A89B-44A2-A7D7-A689052F8D12}.Release|Win32.Build.0 = Release|Win32
		{F44B5AB8-389B-43FB-8A5D-F59DCA051AE9}.Debug|Win32.ActiveCfg = Debug|Win32
		{F44B5AB8-389B-43FB-8A5D-F59DCA051AE9}.Debug|Win32.Build.0 = Debug|Win32
		{F44B5AB8-389B-43FB-8A5D-F59DCA051AE9}.Release|Win32.ActiveCfg = Release|Win32
		{F44B5AB8-389B-43FB-8A5D-F59DCA051AE9}.Release|Win32.Build.0 = Release|Win32
		{14DB7FA6-4115-4A03-A8DF-3BD9A6CE929A}.Debug|Win32.ActiveCfg = Debug|Win32
		{14DB7FA6-4115-4A03-A8DF-3BD9A6CE929A}.Debug|Win32.Build.0 = Debug|Win32
		{14DB7FA6-4115-4A03-A8DF-3BD9A6CE929A}.Release|Win32.ActiveCfg = Release|Win32
		{14DB7FA6-4115-4A03-A8DF-3BD9A6CE929A}.Release|Win32.Build.0 = Release|Win32
		{C5BD7817-B5A8-4CF8-B27D-5AED78BDB99B}.Debug|Win32.ActiveCfg = Debug|Win32
		{C5BD7817-B5A8-4CF8-B27D-5AED78BDB99B}.Debug|Win32.Build.0 = Debug|Win32
		{C5BD7817-B5A8-4CF8-B27D-5AED78BDB99B}.Release|Win32.ActiveCfg = Release|Win32
		{C5BD7817-B5A8-4CF8-B27D-5AED78BDB99B}.Release|Win32.Build.0 = Release|Win32
		{E2751D94-FCF6-4518-BD3F-76AFAC156013}.Debug|Win32.ActiveCfg = Debug|Win32
		{E2751D94-FCF6-4518-BD3F-76AFAC156013}.Debug|Win32.Build.0 = Debug|Win32
		{E2751D94-FCF6-4518-BD3F-76AFAC156013}.Release|Win32.ActiveCfg = Release|Win32
		{E2751D94-FCF6-4518-BD3F-76AFAC156013}.Release|Win32.Build.0 = Release|Win32
	EndGlobalSection
	GlobalSection(SolutionProperties) = preSolution
		HideSolutionNode = FALSE
	EndGlobalSection
	GlobalSection(NestedProjects) = preSolution
		{B6419E8F-CD70-425E-84E5-914AECF8F1BF} = {798777e9-b38c-4974-bee3-b1cd45f6a1e6}
		{6376E131-2246-4C5B-A13C-B4D4747172E6} = {798777e9-b38c-4974-bee3-b1cd45f6a1e6}
		{B51E2FB4-9720-4FC9-9395-3C8EA41FB7BC} = {798777e9-b38c-4974-bee3-b1cd45f6a1e6}
		{5E3B2F28-006C-4422-8A07-FD0C08DDA155} = {798777e9-b38c-4974-bee3-b1cd45f6a1e6}
		{B8328592-1328-44CF-A371-99097496B6E8} = {832A854F-2030-4EA4-86FE-EDEEC017E78E}
		{1DA6F730-9737-4983-A07A-A2C1268731A7} = {832A854F-2030-4EA4-86FE-EDEEC017E78E}
		{8AEC1F65-53D4-44AE-9098-9E68301BE0B4} = {832A854F-2030-4EA4-86FE-EDEEC017E78E}
		{3F54C063-8669-49C4-AE48-7977D7002FC6} = {832A854F-2030-4EA4-86FE-EDEEC017E78E}
		{393DE89B-4C96-47E0-82D2-5FEDC1BCDDD0} = {832A854F-2030-4EA4-86FE-EDEEC017E78E}
		{93C4D1A5-A400-46CE-91C2-8041937A9323} = {832A854F-2030-4EA4-86FE-EDEEC017E78E}
		{1826AEF8-FD3F-42FB-B9C9-D2F92D624B82} = {832A854F-2030-4EA4-86FE-EDEEC017E78E}
		{87971EEC-A597-4403-9BC7-811521F7716F} = {832A854F-2030-4EA4-86FE-EDEEC017E78E}
		{233CD74E-3921-4E95-830B-0D9CEB8DB5B3} = {832A854F-2030-4EA4-86FE-EDEEC017E78E}
		{84AD9BE3-26BD-4B46-AB9C-F2AF194C577A} = {832A854F-2030-4EA4-86FE-EDEEC017E78E}
		{6507CB4A-25EC-461A-89A8-5C8A4B356730} = {832A854F-2030-4EA4-86FE-EDEEC017E78E}
		{0F55F84D-9A3F-4B94-989E-CF8A8D37F778} = {832A854F-2030-4EA4-86FE-EDEEC017E78E}
		{44735626-8651-4661-A6CE-F7537DD747FB} = {832A854F-2030-4EA4-86FE-EDEEC017E78E}
		{D940E2FF-1FB4-47A0-B945-E1F6450CDFA7} = {832A854F-2030-4EA4-86FE-EDEEC017E78E}
		{0EE68CCA-6CE0-45DA-90EE-0EE4E187E2BD} = {3B2AD919-B940-473D-A9CC-62428540DEC5}
		{B54EA283-6DF7-4414-8F25-EECEDDBB71DA} = {3B2AD919-B940-473D-A9CC-62428540DEC5}
		{2CFD5FC2-2508-4AA1-926A-8655D7776D2D} = {3B2AD919-B940-473D-A9CC-62428540DEC5}
		{857F0847-D549-4EAB-BBE3-FEB072983051} = {3B2AD919-B940-473D-A9CC-62428540DEC5}
		{9D770F0F-8C40-46C7-BF9F-F210B8EFA4E8} = {3B2AD919-B940-473D-A9CC-62428540DEC5}
		{338A4B59-A89B-44A2-A7D7-A689052F8D12} = {3B2AD919-B940-473D-A9CC-62428540DEC5}
		{F44B5AB8-389B-43FB-8A5D-F59DCA051AE9} = {3B2AD919-B940-473D-A9CC-62428540DEC5}
		{14DB7FA6-4115-4A03-A8DF-3BD9A6CE929A} = {3B2AD919-B940-473D-A9CC-62428540DEC5}
		{C5BD7817-B5A8-4CF8-B27D-5AED78BDB99B} = {3B2AD919-B940-473D-A9CC-62428540DEC5}
		{E2751D94-FCF6-4518-BD3F-76AFAC156013} = {3B2AD919-B940-473D-A9CC-62428540DEC5}
	EndGlobalSection
EndGlobal
