Microsoft Visual Studio Solution File, Format Version 9.00
# Visual Studio 2005
Project("{2150E333-8FDC-42A3-9474-1A3956D46DE8}") = "NIDLs", "NIDLs", "{798777e9-b38c-4974-bee3-b1cd45f6a1e6}"
EndProject
Project("{2150E333-8FDC-42A3-9474-1A3956D46DE8}") = "Libs", "Libs", "{832A854F-2030-4EA4-86FE-EDEEC017E78E}"
EndProject
Project("{2150E333-8FDC-42A3-9474-1A3956D46DE8}") = "Exes", "Exes", "{3B2AD919-B940-473D-A9CC-62428540DEC5}"
EndProject
Project("{8BC9CEB8-8B4A-11D0-8D11-00A0C91BC942}") = "foundation_nidls_win32", "toolkit_win32.foundation_nidls_win32.vcproj", "{B6419E8F-CD70-425E-84E5-914AECF8F1BF}"
EndProject
Project("{8BC9CEB8-8B4A-11D0-8D11-00A0C91BC942}") = "foundation_win32", "toolkit_win32.foundation_win32.vcproj", "{B8328592-1328-44CF-A371-99097496B6E8}"
	ProjectSection(ProjectDependencies) = postProject
		{B6419E8F-CD70-425E-84E5-914AECF8F1BF} = {B6419E8F-CD70-425E-84E5-914AECF8F1BF}
	EndProjectSection
EndProject
Project("{8BC9CEB8-8B4A-11D0-8D11-00A0C91BC942}") = "lua_win32", "toolkit_win32.lua_win32.vcproj", "{3F54C063-8669-49C4-AE48-7977D7002FC6}"
EndProject
Project("{8BC9CEB8-8B4A-11D0-8D11-00A0C91BC942}") = "tinyxml_win32", "toolkit_win32.tinyxml_win32.vcproj", "{393DE89B-4C96-47E0-82D2-5FEDC1BCDDD0}"
EndProject
Project("{8BC9CEB8-8B4A-11D0-8D11-00A0C91BC942}") = "zlib_win32", "toolkit_win32.zlib_win32.vcproj", "{93C4D1A5-A400-46CE-91C2-8041937A9323}"
EndProject
Project("{8BC9CEB8-8B4A-11D0-8D11-00A0C91BC942}") = "toolkitutil_win32", "toolkit_win32.toolkitutil_win32.vcproj", "{3B791F4E-CA38-431E-AEB2-7A2FA36B745F}"
EndProject
Project("{8BC9CEB8-8B4A-11D0-8D11-00A0C91BC942}") = "shaderbatcher3", "toolkit_win32.shaderbatcher3.vcproj", "{8EDD3B6C-8AB0-498C-A91D-244CFEABFE48}"
	ProjectSection(ProjectDependencies) = postProject
		{B8328592-1328-44CF-A371-99097496B6E8} = {B8328592-1328-44CF-A371-99097496B6E8}
		{3F54C063-8669-49C4-AE48-7977D7002FC6} = {3F54C063-8669-49C4-AE48-7977D7002FC6}
		{93C4D1A5-A400-46CE-91C2-8041937A9323} = {93C4D1A5-A400-46CE-91C2-8041937A9323}
		{393DE89B-4C96-47E0-82D2-5FEDC1BCDDD0} = {393DE89B-4C96-47E0-82D2-5FEDC1BCDDD0}
		{3B791F4E-CA38-431E-AEB2-7A2FA36B745F} = {3B791F4E-CA38-431E-AEB2-7A2FA36B745F}
	EndProjectSection
EndProject
Project("{8BC9CEB8-8B4A-11D0-8D11-00A0C91BC942}") = "texturebatcher3", "toolkit_win32.texturebatcher3.vcproj", "{684105E0-478B-4E18-8B11-E56610F650DB}"
	ProjectSection(ProjectDependencies) = postProject
		{B8328592-1328-44CF-A371-99097496B6E8} = {B8328592-1328-44CF-A371-99097496B6E8}
		{3F54C063-8669-49C4-AE48-7977D7002FC6} = {3F54C063-8669-49C4-AE48-7977D7002FC6}
		{93C4D1A5-A400-46CE-91C2-8041937A9323} = {93C4D1A5-A400-46CE-91C2-8041937A9323}
		{393DE89B-4C96-47E0-82D2-5FEDC1BCDDD0} = {393DE89B-4C96-47E0-82D2-5FEDC1BCDDD0}
		{3B791F4E-CA38-431E-AEB2-7A2FA36B745F} = {3B791F4E-CA38-431E-AEB2-7A2FA36B745F}
	EndProjectSection
EndProject
Project("{8BC9CEB8-8B4A-11D0-8D11-00A0C91BC942}") = "buildresdict3", "toolkit_win32.buildresdict3.vcproj", "{CE77A004-DDB1-46E5-B4CE-C566F15EE12C}"
	ProjectSection(ProjectDependencies) = postProject
		{B8328592-1328-44CF-A371-99097496B6E8} = {B8328592-1328-44CF-A371-99097496B6E8}
		{3F54C063-8669-49C4-AE48-7977D7002FC6} = {3F54C063-8669-49C4-AE48-7977D7002FC6}
		{93C4D1A5-A400-46CE-91C2-8041937A9323} = {93C4D1A5-A400-46CE-91C2-8041937A9323}
		{393DE89B-4C96-47E0-82D2-5FEDC1BCDDD0} = {393DE89B-4C96-47E0-82D2-5FEDC1BCDDD0}
		{3B791F4E-CA38-431E-AEB2-7A2FA36B745F} = {3B791F4E-CA38-431E-AEB2-7A2FA36B745F}
	EndProjectSection
EndProject
Project("{8BC9CEB8-8B4A-11D0-8D11-00A0C91BC942}") = "audiobatcher3", "toolkit_win32.audiobatcher3.vcproj", "{ECF71AF7-E8F3-41B2-8E2F-82ABBDB7BFA2}"
	ProjectSection(ProjectDependencies) = postProject
		{B8328592-1328-44CF-A371-99097496B6E8} = {B8328592-1328-44CF-A371-99097496B6E8}
		{3F54C063-8669-49C4-AE48-7977D7002FC6} = {3F54C063-8669-49C4-AE48-7977D7002FC6}
		{93C4D1A5-A400-46CE-91C2-8041937A9323} = {93C4D1A5-A400-46CE-91C2-8041937A9323}
		{393DE89B-4C96-47E0-82D2-5FEDC1BCDDD0} = {393DE89B-4C96-47E0-82D2-5FEDC1BCDDD0}
		{3B791F4E-CA38-431E-AEB2-7A2FA36B745F} = {3B791F4E-CA38-431E-AEB2-7A2FA36B745F}
	EndProjectSection
EndProject
Global
	GlobalSection(SolutionConfigurationPlatforms) = preSolution
		Debug|Win32 = Debug|Win32
		Release|Win32 = Release|Win32
	EndGlobalSection
	GlobalSection(ProjectConfigurationPlatforms) = postSolution
		{B6419E8F-CD70-425E-84E5-914AECF8F1BF}.Debug|Win32.ActiveCfg = Debug|Win32
		{B6419E8F-CD70-425E-84E5-914AECF8F1BF}.Debug|Win32.Build.0 = Debug|Win32
		{B6419E8F-CD70-425E-84E5-914AECF8F1BF}.Release|Win32.ActiveCfg = Release|Win32
		{B6419E8F-CD70-425E-84E5-914AECF8F1BF}.Release|Win32.Build.0 = Release|Win32
		{B8328592-1328-44CF-A371-99097496B6E8}.Debug|Win32.ActiveCfg = Debug|Win32
		{B8328592-1328-44CF-A371-99097496B6E8}.Debug|Win32.Build.0 = Debug|Win32
		{B8328592-1328-44CF-A371-99097496B6E8}.Release|Win32.ActiveCfg = Release|Win32
		{B8328592-1328-44CF-A371-99097496B6E8}.Release|Win32.Build.0 = Release|Win32
		{3F54C063-8669-49C4-AE48-7977D7002FC6}.Debug|Win32.ActiveCfg = Debug|Win32
		{3F54C063-8669-49C4-AE48-7977D7002FC6}.Debug|Win32.Build.0 = Debug|Win32
		{3F54C063-8669-49C4-AE48-7977D7002FC6}.Release|Win32.ActiveCfg = Release|Win32
		{3F54C063-8669-49C4-AE48-7977D7002FC6}.Release|Win32.Build.0 = Release|Win32
		{393DE89B-4C96-47E0-82D2-5FEDC1BCDDD0}.Debug|Win32.ActiveCfg = Debug|Win32
		{393DE89B-4C96-47E0-82D2-5FEDC1BCDDD0}.Debug|Win32.Build.0 = Debug|Win32
		{393DE89B-4C96-47E0-82D2-5FEDC1BCDDD0}.Release|Win32.ActiveCfg = Release|Win32
		{393DE89B-4C96-47E0-82D2-5FEDC1BCDDD0}.Release|Win32.Build.0 = Release|Win32
		{93C4D1A5-A400-46CE-91C2-8041937A9323}.Debug|Win32.ActiveCfg = Debug|Win32
		{93C4D1A5-A400-46CE-91C2-8041937A9323}.Debug|Win32.Build.0 = Debug|Win32
		{93C4D1A5-A400-46CE-91C2-8041937A9323}.Release|Win32.ActiveCfg = Release|Win32
		{93C4D1A5-A400-46CE-91C2-8041937A9323}.Release|Win32.Build.0 = Release|Win32
		{3B791F4E-CA38-431E-AEB2-7A2FA36B745F}.Debug|Win32.ActiveCfg = Debug|Win32
		{3B791F4E-CA38-431E-AEB2-7A2FA36B745F}.Debug|Win32.Build.0 = Debug|Win32
		{3B791F4E-CA38-431E-AEB2-7A2FA36B745F}.Release|Win32.ActiveCfg = Release|Win32
		{3B791F4E-CA38-431E-AEB2-7A2FA36B745F}.Release|Win32.Build.0 = Release|Win32
		{8EDD3B6C-8AB0-498C-A91D-244CFEABFE48}.Debug|Win32.ActiveCfg = Debug|Win32
		{8EDD3B6C-8AB0-498C-A91D-244CFEABFE48}.Debug|Win32.Build.0 = Debug|Win32
		{8EDD3B6C-8AB0-498C-A91D-244CFEABFE48}.Release|Win32.ActiveCfg = Release|Win32
		{8EDD3B6C-8AB0-498C-A91D-244CFEABFE48}.Release|Win32.Build.0 = Release|Win32
		{684105E0-478B-4E18-8B11-E56610F650DB}.Debug|Win32.ActiveCfg = Debug|Win32
		{684105E0-478B-4E18-8B11-E56610F650DB}.Debug|Win32.Build.0 = Debug|Win32
		{684105E0-478B-4E18-8B11-E56610F650DB}.Release|Win32.ActiveCfg = Release|Win32
		{684105E0-478B-4E18-8B11-E56610F650DB}.Release|Win32.Build.0 = Release|Win32
		{CE77A004-DDB1-46E5-B4CE-C566F15EE12C}.Debug|Win32.ActiveCfg = Debug|Win32
		{CE77A004-DDB1-46E5-B4CE-C566F15EE12C}.Debug|Win32.Build.0 = Debug|Win32
		{CE77A004-DDB1-46E5-B4CE-C566F15EE12C}.Release|Win32.ActiveCfg = Release|Win32
		{CE77A004-DDB1-46E5-B4CE-C566F15EE12C}.Release|Win32.Build.0 = Release|Win32
		{ECF71AF7-E8F3-41B2-8E2F-82ABBDB7BFA2}.Debug|Win32.ActiveCfg = Debug|Win32
		{ECF71AF7-E8F3-41B2-8E2F-82ABBDB7BFA2}.Debug|Win32.Build.0 = Debug|Win32
		{ECF71AF7-E8F3-41B2-8E2F-82ABBDB7BFA2}.Release|Win32.ActiveCfg = Release|Win32
		{ECF71AF7-E8F3-41B2-8E2F-82ABBDB7BFA2}.Release|Win32.Build.0 = Release|Win32
	EndGlobalSection
	GlobalSection(SolutionProperties) = preSolution
		HideSolutionNode = FALSE
	EndGlobalSection
	GlobalSection(NestedProjects) = preSolution
		{B6419E8F-CD70-425E-84E5-914AECF8F1BF} = {798777e9-b38c-4974-bee3-b1cd45f6a1e6}
		{B8328592-1328-44CF-A371-99097496B6E8} = {832A854F-2030-4EA4-86FE-EDEEC017E78E}
		{3F54C063-8669-49C4-AE48-7977D7002FC6} = {832A854F-2030-4EA4-86FE-EDEEC017E78E}
		{393DE89B-4C96-47E0-82D2-5FEDC1BCDDD0} = {832A854F-2030-4EA4-86FE-EDEEC017E78E}
		{93C4D1A5-A400-46CE-91C2-8041937A9323} = {832A854F-2030-4EA4-86FE-EDEEC017E78E}
		{3B791F4E-CA38-431E-AEB2-7A2FA36B745F} = {832A854F-2030-4EA4-86FE-EDEEC017E78E}
		{8EDD3B6C-8AB0-498C-A91D-244CFEABFE48} = {3B2AD919-B940-473D-A9CC-62428540DEC5}
		{684105E0-478B-4E18-8B11-E56610F650DB} = {3B2AD919-B940-473D-A9CC-62428540DEC5}
		{CE77A004-DDB1-46E5-B4CE-C566F15EE12C} = {3B2AD919-B940-473D-A9CC-62428540DEC5}
		{ECF71AF7-E8F3-41B2-8E2F-82ABBDB7BFA2} = {3B2AD919-B940-473D-A9CC-62428540DEC5}
	EndGlobalSection
EndGlobal
