
Microsoft Visual Studio Solution File, Format Version 9.00
# Visual Studio 2005
Project("{8BC9CEB8-8B4A-11D0-8D11-00A0C91BC942}") = "npneb3", "npneb3.vcproj", "{5962AA4D-EB5F-48FF-A72A-8C69B93E99D2}"
EndProject
Global
	GlobalSection(SolutionConfigurationPlatforms) = preSolution
		Debug|Win32 = Debug|Win32
		Release|Win32 = Release|Win32
	EndGlobalSection
	GlobalSection(ProjectConfigurationPlatforms) = postSolution
		{5962AA4D-EB5F-48FF-A72A-8C69B93E99D2}.Debug|Win32.ActiveCfg = Debug|Win32
		{5962AA4D-EB5F-48FF-A72A-8C69B93E99D2}.Debug|Win32.Build.0 = Debug|Win32
		{5962AA4D-EB5F-48FF-A72A-8C69B93E99D2}.Release|Win32.ActiveCfg = Release|Win32
		{5962AA4D-EB5F-48FF-A72A-8C69B93E99D2}.Release|Win32.Build.0 = Release|Win32
	EndGlobalSection
	GlobalSection(SolutionProperties) = preSolution
		HideSolutionNode = FALSE
	EndGlobalSection
EndGlobal
