Microsoft Visual Studio Solution File, Format Version 9.00
# Visual Studio 2005
Project("{8BC9CEB8-8B4A-11D0-8D11-00A0C91BC942}") = "tests_win32", "tests_win32.tests_win32.vcproj", "{036C3E89-C81C-4330-B2C2-A5DCA5926827}"
	ProjectSection(ProjectDependencies) = postProject
		{27E30EA6-AC87-46B7-8C4B-5345644B023D} = {27E30EA6-AC87-46B7-8C4B-5345644B023D}
		{1364358F-19E0-40EC-A17F-ECBFC2F1BC80} = {1364358F-19E0-40EC-A17F-ECBFC2F1BC80}
		{F1A368CF-01B9-4F72-9C81-DB17E7B26548} = {F1A368CF-01B9-4F72-9C81-DB17E7B26548}
		{E9876D59-4AF6-42A5-B2D1-1867C9B6B369} = {E9876D59-4AF6-42A5-B2D1-1867C9B6B369}
		{39388889-F65D-4258-AE03-F9CD7CDDEBA8} = {39388889-F65D-4258-AE03-F9CD7CDDEBA8}
		{81274816-6F7E-4729-A681-C3027E6CB850} = {81274816-6F7E-4729-A681-C3027E6CB850}
	EndProjectSection
EndProject
Project("{8BC9CEB8-8B4A-11D0-8D11-00A0C91BC942}") = "testbase_win32", "tests_win32.testbase_win32.vcproj", "{27E30EA6-AC87-46B7-8C4B-5345644B023D}"
EndProject
Project("{8BC9CEB8-8B4A-11D0-8D11-00A0C91BC942}") = "testfoundation_win32", "tests_win32.testfoundation_win32.vcproj", "{1364358F-19E0-40EC-A17F-ECBFC2F1BC80}"
	ProjectSection(ProjectDependencies) = postProject
		{27E30EA6-AC87-46B7-8C4B-5345644B023D} = {27E30EA6-AC87-46B7-8C4B-5345644B023D}
	EndProjectSection
EndProject
Project("{8BC9CEB8-8B4A-11D0-8D11-00A0C91BC942}") = "testrender_win32", "tests_win32.testrender_win32.vcproj", "{F1A368CF-01B9-4F72-9C81-DB17E7B26548}"
	ProjectSection(ProjectDependencies) = postProject
		{27E30EA6-AC87-46B7-8C4B-5345644B023D} = {27E30EA6-AC87-46B7-8C4B-5345644B023D}
	EndProjectSection
EndProject
Project("{8BC9CEB8-8B4A-11D0-8D11-00A0C91BC942}") = "testaddon_win32", "tests_win32.testaddon_win32.vcproj", "{E9876D59-4AF6-42A5-B2D1-1867C9B6B369}"
	ProjectSection(ProjectDependencies) = postProject
		{27E30EA6-AC87-46B7-8C4B-5345644B023D} = {27E30EA6-AC87-46B7-8C4B-5345644B023D}
	EndProjectSection
EndProject
Project("{8BC9CEB8-8B4A-11D0-8D11-00A0C91BC942}") = "stresstestvieweropenclose_win32", "tests_win32.stresstestvieweropenclose_win32.vcproj", "{39388889-F65D-4258-AE03-F9CD7CDDEBA8}"
EndProject
Project("{8BC9CEB8-8B4A-11D0-8D11-00A0C91BC942}") = "viewerstresstest_win32", "tests_win32.viewerstresstest_win32.vcproj", "{81274816-6F7E-4729-A681-C3027E6CB850}"
EndProject
Global
	GlobalSection(SolutionConfigurationPlatforms) = preSolution
		Debug|Win32 = Debug|Win32
		Release|Win32 = Release|Win32
	EndGlobalSection
	GlobalSection(ProjectConfigurationPlatforms) = postSolution
		{036C3E89-C81C-4330-B2C2-A5DCA5926827}.Debug|Win32.ActiveCfg = Debug|Win32
		{036C3E89-C81C-4330-B2C2-A5DCA5926827}.Debug|Win32.Build.0 = Debug|Win32
		{036C3E89-C81C-4330-B2C2-A5DCA5926827}.Release|Win32.ActiveCfg = Release|Win32
		{036C3E89-C81C-4330-B2C2-A5DCA5926827}.Release|Win32.Build.0 = Release|Win32
		{27E30EA6-AC87-46B7-8C4B-5345644B023D}.Debug|Win32.ActiveCfg = Debug|Win32
		{27E30EA6-AC87-46B7-8C4B-5345644B023D}.Debug|Win32.Build.0 = Debug|Win32
		{27E30EA6-AC87-46B7-8C4B-5345644B023D}.Release|Win32.ActiveCfg = Release|Win32
		{27E30EA6-AC87-46B7-8C4B-5345644B023D}.Release|Win32.Build.0 = Release|Win32
		{1364358F-19E0-40EC-A17F-ECBFC2F1BC80}.Debug|Win32.ActiveCfg = Debug|Win32
		{1364358F-19E0-40EC-A17F-ECBFC2F1BC80}.Debug|Win32.Build.0 = Debug|Win32
		{1364358F-19E0-40EC-A17F-ECBFC2F1BC80}.Release|Win32.ActiveCfg = Release|Win32
		{1364358F-19E0-40EC-A17F-ECBFC2F1BC80}.Release|Win32.Build.0 = Release|Win32
		{F1A368CF-01B9-4F72-9C81-DB17E7B26548}.Debug|Win32.ActiveCfg = Debug|Win32
		{F1A368CF-01B9-4F72-9C81-DB17E7B26548}.Debug|Win32.Build.0 = Debug|Win32
		{F1A368CF-01B9-4F72-9C81-DB17E7B26548}.Release|Win32.ActiveCfg = Release|Win32
		{F1A368CF-01B9-4F72-9C81-DB17E7B26548}.Release|Win32.Build.0 = Release|Win32
		{E9876D59-4AF6-42A5-B2D1-1867C9B6B369}.Debug|Win32.ActiveCfg = Debug|Win32
		{E9876D59-4AF6-42A5-B2D1-1867C9B6B369}.Debug|Win32.Build.0 = Debug|Win32
		{E9876D59-4AF6-42A5-B2D1-1867C9B6B369}.Release|Win32.ActiveCfg = Release|Win32
		{E9876D59-4AF6-42A5-B2D1-1867C9B6B369}.Release|Win32.Build.0 = Release|Win32
		{39388889-F65D-4258-AE03-F9CD7CDDEBA8}.Debug|Win32.ActiveCfg = Debug|Win32
		{39388889-F65D-4258-AE03-F9CD7CDDEBA8}.Debug|Win32.Build.0 = Debug|Win32
		{39388889-F65D-4258-AE03-F9CD7CDDEBA8}.Release|Win32.ActiveCfg = Release|Win32
		{39388889-F65D-4258-AE03-F9CD7CDDEBA8}.Release|Win32.Build.0 = Release|Win32
		{81274816-6F7E-4729-A681-C3027E6CB850}.Debug|Win32.ActiveCfg = Debug|Win32
		{81274816-6F7E-4729-A681-C3027E6CB850}.Debug|Win32.Build.0 = Debug|Win32
		{81274816-6F7E-4729-A681-C3027E6CB850}.Release|Win32.ActiveCfg = Release|Win32
		{81274816-6F7E-4729-A681-C3027E6CB850}.Release|Win32.Build.0 = Release|Win32
	EndGlobalSection
	GlobalSection(SolutionProperties) = preSolution
		HideSolutionNode = FALSE
	EndGlobalSection
EndGlobal
