Microsoft Visual Studio Solution File, Format Version 9.00
# Visual Studio 2005
Project("{8BC9CEB8-8B4A-11D0-8D11-00A0C91BC942}") = "tools_win32", "tools_win32.tools_win32.vcproj", "{BBDF58AF-3F43-42DD-8976-80AE63526046}"
	ProjectSection(ProjectDependencies) = postProject
		{1795EC7D-3B40-4555-95F7-F958B932E9AD} = {1795EC7D-3B40-4555-95F7-F958B932E9AD}
		{45EF3684-7164-40D2-A258-A88200206C1C} = {45EF3684-7164-40D2-A258-A88200206C1C}
		{EC823613-F60B-4AC4-AD29-F4B4E23EFFD8} = {EC823613-F60B-4AC4-AD29-F4B4E23EFFD8}
		{F983A17F-4907-4255-959C-40711D3DE470} = {F983A17F-4907-4255-959C-40711D3DE470}
		{B6B9C8EE-2593-4C6B-8CA4-16540552FC68} = {B6B9C8EE-2593-4C6B-8CA4-16540552FC68}
		{E4F14AF3-DD3B-4A4D-B076-EA584927A17C} = {E4F14AF3-DD3B-4A4D-B076-EA584927A17C}
		{506359C3-EAFC-475B-A048-2D7FAC6ACD2E} = {506359C3-EAFC-475B-A048-2D7FAC6ACD2E}
		{6B8CCD1E-79B7-4711-B598-EFC7725C4714} = {6B8CCD1E-79B7-4711-B598-EFC7725C4714}
	EndProjectSection
EndProject
Project("{8BC9CEB8-8B4A-11D0-8D11-00A0C91BC942}") = "testserver", "tools_win32.testserver.vcproj", "{1795EC7D-3B40-4555-95F7-F958B932E9AD}"
EndProject
Project("{8BC9CEB8-8B4A-11D0-8D11-00A0C91BC942}") = "testclient", "tools_win32.testclient.vcproj", "{45EF3684-7164-40D2-A258-A88200206C1C}"
EndProject
Project("{8BC9CEB8-8B4A-11D0-8D11-00A0C91BC942}") = "nsh3", "tools_win32.nsh3.vcproj", "{EC823613-F60B-4AC4-AD29-F4B4E23EFFD8}"
EndProject
Project("{8BC9CEB8-8B4A-11D0-8D11-00A0C91BC942}") = "nsc3", "tools_win32.nsc3.vcproj", "{F983A17F-4907-4255-959C-40711D3DE470}"
EndProject
Project("{8BC9CEB8-8B4A-11D0-8D11-00A0C91BC942}") = "nviewer3", "tools_win32.nviewer3.vcproj", "{B6B9C8EE-2593-4C6B-8CA4-16540552FC68}"
EndProject
Project("{8BC9CEB8-8B4A-11D0-8D11-00A0C91BC942}") = "testviewer", "tools_win32.testviewer.vcproj", "{E4F14AF3-DD3B-4A4D-B076-EA584927A17C}"
EndProject
Project("{8BC9CEB8-8B4A-11D0-8D11-00A0C91BC942}") = "testgame", "tools_win32.testgame.vcproj", "{506359C3-EAFC-475B-A048-2D7FAC6ACD2E}"
EndProject
Project("{8BC9CEB8-8B4A-11D0-8D11-00A0C91BC942}") = "testasyncviewer", "tools_win32.testasyncviewer.vcproj", "{6B8CCD1E-79B7-4711-B598-EFC7725C4714}"
EndProject
Global
	GlobalSection(SolutionConfigurationPlatforms) = preSolution
		Debug|Win32 = Debug|Win32
		Release|Win32 = Release|Win32
	EndGlobalSection
	GlobalSection(ProjectConfigurationPlatforms) = postSolution
		{BBDF58AF-3F43-42DD-8976-80AE63526046}.Debug|Win32.ActiveCfg = Debug|Win32
		{BBDF58AF-3F43-42DD-8976-80AE63526046}.Debug|Win32.Build.0 = Debug|Win32
		{BBDF58AF-3F43-42DD-8976-80AE63526046}.Release|Win32.ActiveCfg = Release|Win32
		{BBDF58AF-3F43-42DD-8976-80AE63526046}.Release|Win32.Build.0 = Release|Win32
		{1795EC7D-3B40-4555-95F7-F958B932E9AD}.Debug|Win32.ActiveCfg = Debug|Win32
		{1795EC7D-3B40-4555-95F7-F958B932E9AD}.Debug|Win32.Build.0 = Debug|Win32
		{1795EC7D-3B40-4555-95F7-F958B932E9AD}.Release|Win32.ActiveCfg = Release|Win32
		{1795EC7D-3B40-4555-95F7-F958B932E9AD}.Release|Win32.Build.0 = Release|Win32
		{45EF3684-7164-40D2-A258-A88200206C1C}.Debug|Win32.ActiveCfg = Debug|Win32
		{45EF3684-7164-40D2-A258-A88200206C1C}.Debug|Win32.Build.0 = Debug|Win32
		{45EF3684-7164-40D2-A258-A88200206C1C}.Release|Win32.ActiveCfg = Release|Win32
		{45EF3684-7164-40D2-A258-A88200206C1C}.Release|Win32.Build.0 = Release|Win32
		{EC823613-F60B-4AC4-AD29-F4B4E23EFFD8}.Debug|Win32.ActiveCfg = Debug|Win32
		{EC823613-F60B-4AC4-AD29-F4B4E23EFFD8}.Debug|Win32.Build.0 = Debug|Win32
		{EC823613-F60B-4AC4-AD29-F4B4E23EFFD8}.Release|Win32.ActiveCfg = Release|Win32
		{EC823613-F60B-4AC4-AD29-F4B4E23EFFD8}.Release|Win32.Build.0 = Release|Win32
		{F983A17F-4907-4255-959C-40711D3DE470}.Debug|Win32.ActiveCfg = Debug|Win32
		{F983A17F-4907-4255-959C-40711D3DE470}.Debug|Win32.Build.0 = Debug|Win32
		{F983A17F-4907-4255-959C-40711D3DE470}.Release|Win32.ActiveCfg = Release|Win32
		{F983A17F-4907-4255-959C-40711D3DE470}.Release|Win32.Build.0 = Release|Win32
		{B6B9C8EE-2593-4C6B-8CA4-16540552FC68}.Debug|Win32.ActiveCfg = Debug|Win32
		{B6B9C8EE-2593-4C6B-8CA4-16540552FC68}.Debug|Win32.Build.0 = Debug|Win32
		{B6B9C8EE-2593-4C6B-8CA4-16540552FC68}.Release|Win32.ActiveCfg = Release|Win32
		{B6B9C8EE-2593-4C6B-8CA4-16540552FC68}.Release|Win32.Build.0 = Release|Win32
		{E4F14AF3-DD3B-4A4D-B076-EA584927A17C}.Debug|Win32.ActiveCfg = Debug|Win32
		{E4F14AF3-DD3B-4A4D-B076-EA584927A17C}.Debug|Win32.Build.0 = Debug|Win32
		{E4F14AF3-DD3B-4A4D-B076-EA584927A17C}.Release|Win32.ActiveCfg = Release|Win32
		{E4F14AF3-DD3B-4A4D-B076-EA584927A17C}.Release|Win32.Build.0 = Release|Win32
		{506359C3-EAFC-475B-A048-2D7FAC6ACD2E}.Debug|Win32.ActiveCfg = Debug|Win32
		{506359C3-EAFC-475B-A048-2D7FAC6ACD2E}.Debug|Win32.Build.0 = Debug|Win32
		{506359C3-EAFC-475B-A048-2D7FAC6ACD2E}.Release|Win32.ActiveCfg = Release|Win32
		{506359C3-EAFC-475B-A048-2D7FAC6ACD2E}.Release|Win32.Build.0 = Release|Win32
		{6B8CCD1E-79B7-4711-B598-EFC7725C4714}.Debug|Win32.ActiveCfg = Debug|Win32
		{6B8CCD1E-79B7-4711-B598-EFC7725C4714}.Debug|Win32.Build.0 = Debug|Win32
		{6B8CCD1E-79B7-4711-B598-EFC7725C4714}.Release|Win32.ActiveCfg = Release|Win32
		{6B8CCD1E-79B7-4711-B598-EFC7725C4714}.Release|Win32.Build.0 = Release|Win32
	EndGlobalSection
	GlobalSection(SolutionProperties) = preSolution
		HideSolutionNode = FALSE
	EndGlobalSection
EndGlobal
